// !$*UTF8*$!
{
	archiveVersion = 1;
	classes = {
	};
	objectVersion = 55;
	objects = {

/* Begin PBXBuildFile section */
		0DE8B3BE2A1E668D0050F54D /* Networking.swift in Sources */ = {isa = PBXBuildFile; fileRef = 0DE8B3BD2A1E668D0050F54D /* Networking.swift */; };
		5D3D6DE9ABDA22F585D9A8D1 /* Pods_Reddit_RedditUITests.framework in Frameworks */ = {isa = PBXBuildFile; fileRef = 7CE5F4ACBCDEB791797A2D7A /* Pods_Reddit_RedditUITests.framework */; };
		931C6B1F2A05BB1400ED32D5 /* BaseUrl.swift in Sources */ = {isa = PBXBuildFile; fileRef = 931C6B1E2A05BB1400ED32D5 /* BaseUrl.swift */; };
		931C6B212A098B7000ED32D5 /* WeatherProvider.swift in Sources */ = {isa = PBXBuildFile; fileRef = 931C6B202A098B7000ED32D5 /* WeatherProvider.swift */; };
		931C6B242A098BC200ED32D5 /* Weather.swift in Sources */ = {isa = PBXBuildFile; fileRef = 931C6B232A098BC200ED32D5 /* Weather.swift */; };
		931C6B262A09905000ED32D5 /* WeatherResponseFromApi.swift in Sources */ = {isa = PBXBuildFile; fileRef = 931C6B252A09905000ED32D5 /* WeatherResponseFromApi.swift */; };
		931C6B282A09DF6A00ED32D5 /* WeatherViewController.swift in Sources */ = {isa = PBXBuildFile; fileRef = 931C6B272A09DF6A00ED32D5 /* WeatherViewController.swift */; };
		931C6B2B2A0A705400ED32D5 /* FixedWeatherProvider.swift in Sources */ = {isa = PBXBuildFile; fileRef = 931C6B2A2A0A705400ED32D5 /* FixedWeatherProvider.swift */; };
		935CDF7429F325B90010F6FB /* PaginationTests.swift in Sources */ = {isa = PBXBuildFile; fileRef = 935CDF7329F325B90010F6FB /* PaginationTests.swift */; };
		935CDFBC29FF3DC30010F6FB /* NewsProvider.swift in Sources */ = {isa = PBXBuildFile; fileRef = 935CDFBB29FF3DC30010F6FB /* NewsProvider.swift */; };
		935CDFBE29FF3DEE0010F6FB /* FixedNewsProvider.swift in Sources */ = {isa = PBXBuildFile; fileRef = 935CDFBD29FF3DEE0010F6FB /* FixedNewsProvider.swift */; };
		935CDFC02A00806A0010F6FB /* Pagination.swift in Sources */ = {isa = PBXBuildFile; fileRef = 935CDFBF2A00806A0010F6FB /* Pagination.swift */; };
		935CDFC22A0148F80010F6FB /* ErrorType.swift in Sources */ = {isa = PBXBuildFile; fileRef = 935CDFC12A0148F80010F6FB /* ErrorType.swift */; };
		D578020129EE2E9700A60E80 /* ArrayExtensionTests.swift in Sources */ = {isa = PBXBuildFile; fileRef = D578020029EE2E9700A60E80 /* ArrayExtensionTests.swift */; };
		D578020329EE337F00A60E80 /* DateExtensionTests.swift in Sources */ = {isa = PBXBuildFile; fileRef = D578020229EE337F00A60E80 /* DateExtensionTests.swift */; };
		D578020529EF0A3000A60E80 /* ErrorManager.swift in Sources */ = {isa = PBXBuildFile; fileRef = D578020429EF0A3000A60E80 /* ErrorManager.swift */; };
		D578020729EF0E3D00A60E80 /* UIViewController+Extension.swift in Sources */ = {isa = PBXBuildFile; fileRef = D578020629EF0E3D00A60E80 /* UIViewController+Extension.swift */; };
		D5A8A4F329E05E83004729EF /* AppDelegate.swift in Sources */ = {isa = PBXBuildFile; fileRef = D5A8A4F229E05E83004729EF /* AppDelegate.swift */; };
		D5A8A4F729E05E83004729EF /* NewsViewController.swift in Sources */ = {isa = PBXBuildFile; fileRef = D5A8A4F629E05E83004729EF /* NewsViewController.swift */; };
		D5A8A4FC29E05E83004729EF /* Assets.xcassets in Resources */ = {isa = PBXBuildFile; fileRef = D5A8A4FB29E05E83004729EF /* Assets.xcassets */; };
		D5A8A4FF29E05E83004729EF /* LaunchScreen.storyboard in Resources */ = {isa = PBXBuildFile; fileRef = D5A8A4FD29E05E83004729EF /* LaunchScreen.storyboard */; };
		D5A8A51429E05E84004729EF /* RedditProyectUITests.swift in Sources */ = {isa = PBXBuildFile; fileRef = D5A8A51329E05E84004729EF /* RedditProyectUITests.swift */; };
		D5A8A51629E05E84004729EF /* RedditProyectUITestsLaunchTests.swift in Sources */ = {isa = PBXBuildFile; fileRef = D5A8A51529E05E84004729EF /* RedditProyectUITestsLaunchTests.swift */; };
		D5A8A52329E0656C004729EF /* NewTableViewCell.swift in Sources */ = {isa = PBXBuildFile; fileRef = D5A8A52229E0656C004729EF /* NewTableViewCell.swift */; };
		D5A8A52529E0AC85004729EF /* HttpConnector.swift in Sources */ = {isa = PBXBuildFile; fileRef = D5A8A52429E0AC85004729EF /* HttpConnector.swift */; };
		D5A8A52729E0AE60004729EF /* NewsResponseFromApi.swift in Sources */ = {isa = PBXBuildFile; fileRef = D5A8A52629E0AE60004729EF /* NewsResponseFromApi.swift */; };
		D5A8A53629E45CD6004729EF /* NetworkingError.swift in Sources */ = {isa = PBXBuildFile; fileRef = D5A8A53529E45CD6004729EF /* NetworkingError.swift */; };
		D5A8A53A29E48ADF004729EF /* New.swift in Sources */ = {isa = PBXBuildFile; fileRef = D5A8A53929E48ADF004729EF /* New.swift */; };
		D5A8A54029E493E3004729EF /* UIImage+Extension.swift in Sources */ = {isa = PBXBuildFile; fileRef = D5A8A53F29E493E3004729EF /* UIImage+Extension.swift */; };
		D5A8A54329E578F8004729EF /* Date+Extension.swift in Sources */ = {isa = PBXBuildFile; fileRef = D5A8A54229E578F8004729EF /* Date+Extension.swift */; };
		D5A8A54929E5D369004729EF /* NewDetailViewController.swift in Sources */ = {isa = PBXBuildFile; fileRef = D5A8A54829E5D369004729EF /* NewDetailViewController.swift */; };
		D5A8A54D29E6F77E004729EF /* UserConfiguration.swift in Sources */ = {isa = PBXBuildFile; fileRef = D5A8A54C29E6F77E004729EF /* UserConfiguration.swift */; };
		D5A8A55329EDD244004729EF /* Array+Extension.swift in Sources */ = {isa = PBXBuildFile; fileRef = D5A8A55229EDD244004729EF /* Array+Extension.swift */; };
		DCC1F2B008E9AB72D085BF12 /* Pods_Reddit.framework in Frameworks */ = {isa = PBXBuildFile; fileRef = 2D4410D723233A4CCEEF23D0 /* Pods_Reddit.framework */; };
		FE415E074D447A5C6C2D4DCE /* Pods_RedditTests.framework in Frameworks */ = {isa = PBXBuildFile; fileRef = CE9BC86B3A6591FE4C717964 /* Pods_RedditTests.framework */; };
/* End PBXBuildFile section */

/* Begin PBXContainerItemProxy section */
		D5A8A50629E05E84004729EF /* PBXContainerItemProxy */ = {
			isa = PBXContainerItemProxy;
			containerPortal = D5A8A4E729E05E83004729EF /* Project object */;
			proxyType = 1;
			remoteGlobalIDString = D5A8A4EE29E05E83004729EF;
			remoteInfo = RedditProyect;
		};
		D5A8A51029E05E84004729EF /* PBXContainerItemProxy */ = {
			isa = PBXContainerItemProxy;
			containerPortal = D5A8A4E729E05E83004729EF /* Project object */;
			proxyType = 1;
			remoteGlobalIDString = D5A8A4EE29E05E83004729EF;
			remoteInfo = RedditProyect;
		};
/* End PBXContainerItemProxy section */

/* Begin PBXFileReference section */
		0DE8B3BD2A1E668D0050F54D /* Networking.swift */ = {isa = PBXFileReference; lastKnownFileType = sourcecode.swift; path = Networking.swift; sourceTree = "<group>"; };
		2D4410D723233A4CCEEF23D0 /* Pods_Reddit.framework */ = {isa = PBXFileReference; explicitFileType = wrapper.framework; includeInIndex = 0; path = Pods_Reddit.framework; sourceTree = BUILT_PRODUCTS_DIR; };
		37ADB7E11C82050296D1C8BC /* Pods-RedditTests.release.xcconfig */ = {isa = PBXFileReference; includeInIndex = 1; lastKnownFileType = text.xcconfig; name = "Pods-RedditTests.release.xcconfig"; path = "Target Support Files/Pods-RedditTests/Pods-RedditTests.release.xcconfig"; sourceTree = "<group>"; };
		45808F9A6468CC106A7873CE /* Pods-Reddit-RedditUITests.release.xcconfig */ = {isa = PBXFileReference; includeInIndex = 1; lastKnownFileType = text.xcconfig; name = "Pods-Reddit-RedditUITests.release.xcconfig"; path = "Target Support Files/Pods-Reddit-RedditUITests/Pods-Reddit-RedditUITests.release.xcconfig"; sourceTree = "<group>"; };
		53CF14817F74646C9F212EA5 /* Pods-RedditTests.debug.xcconfig */ = {isa = PBXFileReference; includeInIndex = 1; lastKnownFileType = text.xcconfig; name = "Pods-RedditTests.debug.xcconfig"; path = "Target Support Files/Pods-RedditTests/Pods-RedditTests.debug.xcconfig"; sourceTree = "<group>"; };
		5A2F43DA81555711B670106C /* Pods-Reddit.release.xcconfig */ = {isa = PBXFileReference; includeInIndex = 1; lastKnownFileType = text.xcconfig; name = "Pods-Reddit.release.xcconfig"; path = "Target Support Files/Pods-Reddit/Pods-Reddit.release.xcconfig"; sourceTree = "<group>"; };
		7CE5F4ACBCDEB791797A2D7A /* Pods_Reddit_RedditUITests.framework */ = {isa = PBXFileReference; explicitFileType = wrapper.framework; includeInIndex = 0; path = Pods_Reddit_RedditUITests.framework; sourceTree = BUILT_PRODUCTS_DIR; };
		931C6B1E2A05BB1400ED32D5 /* BaseUrl.swift */ = {isa = PBXFileReference; lastKnownFileType = sourcecode.swift; path = BaseUrl.swift; sourceTree = "<group>"; };
		931C6B202A098B7000ED32D5 /* WeatherProvider.swift */ = {isa = PBXFileReference; lastKnownFileType = sourcecode.swift; path = WeatherProvider.swift; sourceTree = "<group>"; };
		931C6B232A098BC200ED32D5 /* Weather.swift */ = {isa = PBXFileReference; lastKnownFileType = sourcecode.swift; path = Weather.swift; sourceTree = "<group>"; };
		931C6B252A09905000ED32D5 /* WeatherResponseFromApi.swift */ = {isa = PBXFileReference; lastKnownFileType = sourcecode.swift; path = WeatherResponseFromApi.swift; sourceTree = "<group>"; };
		931C6B272A09DF6A00ED32D5 /* WeatherViewController.swift */ = {isa = PBXFileReference; lastKnownFileType = sourcecode.swift; path = WeatherViewController.swift; sourceTree = "<group>"; };
		931C6B292A09E5A600ED32D5 /* Info.plist */ = {isa = PBXFileReference; lastKnownFileType = text.plist; path = Info.plist; sourceTree = "<group>"; };
		931C6B2A2A0A705400ED32D5 /* FixedWeatherProvider.swift */ = {isa = PBXFileReference; lastKnownFileType = sourcecode.swift; path = FixedWeatherProvider.swift; sourceTree = "<group>"; };
		935CDF7329F325B90010F6FB /* PaginationTests.swift */ = {isa = PBXFileReference; lastKnownFileType = sourcecode.swift; path = PaginationTests.swift; sourceTree = "<group>"; };
		935CDFBB29FF3DC30010F6FB /* NewsProvider.swift */ = {isa = PBXFileReference; lastKnownFileType = sourcecode.swift; path = NewsProvider.swift; sourceTree = "<group>"; };
		935CDFBD29FF3DEE0010F6FB /* FixedNewsProvider.swift */ = {isa = PBXFileReference; lastKnownFileType = sourcecode.swift; path = FixedNewsProvider.swift; sourceTree = "<group>"; };
		935CDFBF2A00806A0010F6FB /* Pagination.swift */ = {isa = PBXFileReference; lastKnownFileType = sourcecode.swift; path = Pagination.swift; sourceTree = "<group>"; };
		935CDFC12A0148F80010F6FB /* ErrorType.swift */ = {isa = PBXFileReference; lastKnownFileType = sourcecode.swift; path = ErrorType.swift; sourceTree = "<group>"; };
		ADB3EA0EA7BFB67313F9AF95 /* Pods-Reddit.debug.xcconfig */ = {isa = PBXFileReference; includeInIndex = 1; lastKnownFileType = text.xcconfig; name = "Pods-Reddit.debug.xcconfig"; path = "Target Support Files/Pods-Reddit/Pods-Reddit.debug.xcconfig"; sourceTree = "<group>"; };
		B88921B17F7535930A45AF6F /* Pods-Reddit-RedditUITests.debug.xcconfig */ = {isa = PBXFileReference; includeInIndex = 1; lastKnownFileType = text.xcconfig; name = "Pods-Reddit-RedditUITests.debug.xcconfig"; path = "Target Support Files/Pods-Reddit-RedditUITests/Pods-Reddit-RedditUITests.debug.xcconfig"; sourceTree = "<group>"; };
		CE9BC86B3A6591FE4C717964 /* Pods_RedditTests.framework */ = {isa = PBXFileReference; explicitFileType = wrapper.framework; includeInIndex = 0; path = Pods_RedditTests.framework; sourceTree = BUILT_PRODUCTS_DIR; };
		D578020029EE2E9700A60E80 /* ArrayExtensionTests.swift */ = {isa = PBXFileReference; lastKnownFileType = sourcecode.swift; path = ArrayExtensionTests.swift; sourceTree = "<group>"; };
		D578020229EE337F00A60E80 /* DateExtensionTests.swift */ = {isa = PBXFileReference; lastKnownFileType = sourcecode.swift; path = DateExtensionTests.swift; sourceTree = "<group>"; };
		D578020429EF0A3000A60E80 /* ErrorManager.swift */ = {isa = PBXFileReference; lastKnownFileType = sourcecode.swift; path = ErrorManager.swift; sourceTree = "<group>"; };
		D578020629EF0E3D00A60E80 /* UIViewController+Extension.swift */ = {isa = PBXFileReference; lastKnownFileType = sourcecode.swift; path = "UIViewController+Extension.swift"; sourceTree = "<group>"; };
		D5A8A4EF29E05E83004729EF /* Reddit.app */ = {isa = PBXFileReference; explicitFileType = wrapper.application; includeInIndex = 0; path = Reddit.app; sourceTree = BUILT_PRODUCTS_DIR; };
		D5A8A4F229E05E83004729EF /* AppDelegate.swift */ = {isa = PBXFileReference; lastKnownFileType = sourcecode.swift; path = AppDelegate.swift; sourceTree = "<group>"; };
		D5A8A4F629E05E83004729EF /* NewsViewController.swift */ = {isa = PBXFileReference; lastKnownFileType = sourcecode.swift; path = NewsViewController.swift; sourceTree = "<group>"; };
		D5A8A4FB29E05E83004729EF /* Assets.xcassets */ = {isa = PBXFileReference; lastKnownFileType = folder.assetcatalog; path = Assets.xcassets; sourceTree = "<group>"; };
		D5A8A4FE29E05E83004729EF /* Base */ = {isa = PBXFileReference; lastKnownFileType = file.storyboard; name = Base; path = Base.lproj/LaunchScreen.storyboard; sourceTree = "<group>"; };
		D5A8A50029E05E83004729EF /* Info.plist */ = {isa = PBXFileReference; lastKnownFileType = text.plist.xml; path = Info.plist; sourceTree = "<group>"; };
		D5A8A50529E05E84004729EF /* RedditTests.xctest */ = {isa = PBXFileReference; explicitFileType = wrapper.cfbundle; includeInIndex = 0; path = RedditTests.xctest; sourceTree = BUILT_PRODUCTS_DIR; };
		D5A8A50F29E05E84004729EF /* RedditUITests.xctest */ = {isa = PBXFileReference; explicitFileType = wrapper.cfbundle; includeInIndex = 0; path = RedditUITests.xctest; sourceTree = BUILT_PRODUCTS_DIR; };
		D5A8A51329E05E84004729EF /* RedditProyectUITests.swift */ = {isa = PBXFileReference; lastKnownFileType = sourcecode.swift; path = RedditProyectUITests.swift; sourceTree = "<group>"; };
		D5A8A51529E05E84004729EF /* RedditProyectUITestsLaunchTests.swift */ = {isa = PBXFileReference; lastKnownFileType = sourcecode.swift; path = RedditProyectUITestsLaunchTests.swift; sourceTree = "<group>"; };
		D5A8A52229E0656C004729EF /* NewTableViewCell.swift */ = {isa = PBXFileReference; lastKnownFileType = sourcecode.swift; path = NewTableViewCell.swift; sourceTree = "<group>"; };
		D5A8A52429E0AC85004729EF /* HttpConnector.swift */ = {isa = PBXFileReference; lastKnownFileType = sourcecode.swift; path = HttpConnector.swift; sourceTree = "<group>"; };
		D5A8A52629E0AE60004729EF /* NewsResponseFromApi.swift */ = {isa = PBXFileReference; lastKnownFileType = sourcecode.swift; path = NewsResponseFromApi.swift; sourceTree = "<group>"; };
		D5A8A53529E45CD6004729EF /* NetworkingError.swift */ = {isa = PBXFileReference; lastKnownFileType = sourcecode.swift; path = NetworkingError.swift; sourceTree = "<group>"; };
		D5A8A53929E48ADF004729EF /* New.swift */ = {isa = PBXFileReference; lastKnownFileType = sourcecode.swift; path = New.swift; sourceTree = "<group>"; };
		D5A8A53F29E493E3004729EF /* UIImage+Extension.swift */ = {isa = PBXFileReference; lastKnownFileType = sourcecode.swift; path = "UIImage+Extension.swift"; sourceTree = "<group>"; };
		D5A8A54229E578F8004729EF /* Date+Extension.swift */ = {isa = PBXFileReference; lastKnownFileType = sourcecode.swift; path = "Date+Extension.swift"; sourceTree = "<group>"; };
		D5A8A54829E5D369004729EF /* NewDetailViewController.swift */ = {isa = PBXFileReference; lastKnownFileType = sourcecode.swift; path = NewDetailViewController.swift; sourceTree = "<group>"; };
		D5A8A54C29E6F77E004729EF /* UserConfiguration.swift */ = {isa = PBXFileReference; lastKnownFileType = sourcecode.swift; path = UserConfiguration.swift; sourceTree = "<group>"; };
		D5A8A55229EDD244004729EF /* Array+Extension.swift */ = {isa = PBXFileReference; lastKnownFileType = sourcecode.swift; path = "Array+Extension.swift"; sourceTree = "<group>"; };
/* End PBXFileReference section */

/* Begin PBXFrameworksBuildPhase section */
		D5A8A4EC29E05E83004729EF /* Frameworks */ = {
			isa = PBXFrameworksBuildPhase;
			buildActionMask = 2147483647;
			files = (
				DCC1F2B008E9AB72D085BF12 /* Pods_Reddit.framework in Frameworks */,
			);
			runOnlyForDeploymentPostprocessing = 0;
		};
		D5A8A50229E05E84004729EF /* Frameworks */ = {
			isa = PBXFrameworksBuildPhase;
			buildActionMask = 2147483647;
			files = (
				FE415E074D447A5C6C2D4DCE /* Pods_RedditTests.framework in Frameworks */,
			);
			runOnlyForDeploymentPostprocessing = 0;
		};
		D5A8A50C29E05E84004729EF /* Frameworks */ = {
			isa = PBXFrameworksBuildPhase;
			buildActionMask = 2147483647;
			files = (
				5D3D6DE9ABDA22F585D9A8D1 /* Pods_Reddit_RedditUITests.framework in Frameworks */,
			);
			runOnlyForDeploymentPostprocessing = 0;
		};
/* End PBXFrameworksBuildPhase section */

/* Begin PBXGroup section */
		0DDC07F12A17D17C00946C28 /* News */ = {
			isa = PBXGroup;
			children = (
				D5A8A4F629E05E83004729EF /* NewsViewController.swift */,
				D5A8A54829E5D369004729EF /* NewDetailViewController.swift */,
				935CDFBB29FF3DC30010F6FB /* NewsProvider.swift */,
			);
			path = News;
			sourceTree = "<group>";
		};
		0DDC07F22A17D17F00946C28 /* Weather */ = {
			isa = PBXGroup;
			children = (
				931C6B202A098B7000ED32D5 /* WeatherProvider.swift */,
				931C6B272A09DF6A00ED32D5 /* WeatherViewController.swift */,
				931C6B2A2A0A705400ED32D5 /* FixedWeatherProvider.swift */,
				935CDFBD29FF3DEE0010F6FB /* FixedNewsProvider.swift */,
			);
			path = Weather;
			sourceTree = "<group>";
		};
		0DE8B3BC2A1E66870050F54D /* Networking */ = {
			isa = PBXGroup;
			children = (
				0DE8B3BD2A1E668D0050F54D /* Networking.swift */,
			);
			path = Networking;
			sourceTree = "<group>";
		};
		300BF8085D97D2E3064C2D45 /* Frameworks */ = {
			isa = PBXGroup;
			children = (
				2D4410D723233A4CCEEF23D0 /* Pods_Reddit.framework */,
				7CE5F4ACBCDEB791797A2D7A /* Pods_Reddit_RedditUITests.framework */,
				CE9BC86B3A6591FE4C717964 /* Pods_RedditTests.framework */,
			);
			name = Frameworks;
			sourceTree = "<group>";
		};
		5F69550CC4C16DD8B4978968 /* Pods */ = {
			isa = PBXGroup;
			children = (
				ADB3EA0EA7BFB67313F9AF95 /* Pods-Reddit.debug.xcconfig */,
				5A2F43DA81555711B670106C /* Pods-Reddit.release.xcconfig */,
				B88921B17F7535930A45AF6F /* Pods-Reddit-RedditUITests.debug.xcconfig */,
				45808F9A6468CC106A7873CE /* Pods-Reddit-RedditUITests.release.xcconfig */,
				53CF14817F74646C9F212EA5 /* Pods-RedditTests.debug.xcconfig */,
				37ADB7E11C82050296D1C8BC /* Pods-RedditTests.release.xcconfig */,
			);
			name = Pods;
			path = Pods;
			sourceTree = "<group>";
		};
		935CDFC32A014BA50010F6FB /* Error */ = {
			isa = PBXGroup;
			children = (
				D578020429EF0A3000A60E80 /* ErrorManager.swift */,
				935CDFC12A0148F80010F6FB /* ErrorType.swift */,
			);
			path = Error;
			sourceTree = "<group>";
		};
		935CDFC42A014FA80010F6FB /* Model */ = {
			isa = PBXGroup;
			children = (
				935CDFBF2A00806A0010F6FB /* Pagination.swift */,
			);
			path = Model;
			sourceTree = "<group>";
		};
		D578020829EF11DB00A60E80 /* Error */ = {
			isa = PBXGroup;
			children = (
				D5A8A53529E45CD6004729EF /* NetworkingError.swift */,
			);
			path = Error;
			sourceTree = "<group>";
		};
		D5A8A4E629E05E83004729EF = {
			isa = PBXGroup;
			children = (
				D5A8A4F029E05E83004729EF /* Products */,
				D5A8A4F129E05E83004729EF /* Reddit */,
				D5A8A50829E05E84004729EF /* RedditTests */,
				D5A8A51229E05E84004729EF /* RedditUITests */,
				5F69550CC4C16DD8B4978968 /* Pods */,
				300BF8085D97D2E3064C2D45 /* Frameworks */,
			);
			sourceTree = "<group>";
		};
		D5A8A4F029E05E83004729EF /* Products */ = {
			isa = PBXGroup;
			children = (
				D5A8A4EF29E05E83004729EF /* Reddit.app */,
				D5A8A50529E05E84004729EF /* RedditTests.xctest */,
				D5A8A50F29E05E84004729EF /* RedditUITests.xctest */,
			);
			name = Products;
			sourceTree = "<group>";
		};
		D5A8A4F129E05E83004729EF /* Reddit */ = {
			isa = PBXGroup;
			children = (
				0DE8B3BC2A1E66870050F54D /* Networking */,
				D5A8A4F229E05E83004729EF /* AppDelegate.swift */,
				D5A8A54C29E6F77E004729EF /* UserConfiguration.swift */,
				D5A8A54129E493EE004729EF /* Extension */,
				D5A8A53E29E48C14004729EF /* ViewController */,
				D5A8A53D29E48BE9004729EF /* Http */,
				D5A8A53C29E48BD8004729EF /* Cell */,
				D5A8A53B29E48BC8004729EF /* Model */,
				D5A8A4FB29E05E83004729EF /* Assets.xcassets */,
				D5A8A4FD29E05E83004729EF /* LaunchScreen.storyboard */,
				D5A8A50029E05E83004729EF /* Info.plist */,
			);
			path = Reddit;
			sourceTree = "<group>";
		};
		D5A8A50829E05E84004729EF /* RedditTests */ = {
			isa = PBXGroup;
			children = (
				D578020029EE2E9700A60E80 /* ArrayExtensionTests.swift */,
				D578020229EE337F00A60E80 /* DateExtensionTests.swift */,
				935CDF7329F325B90010F6FB /* PaginationTests.swift */,
			);
			path = RedditTests;
			sourceTree = "<group>";
		};
		D5A8A51229E05E84004729EF /* RedditUITests */ = {
			isa = PBXGroup;
			children = (
				931C6B292A09E5A600ED32D5 /* Info.plist */,
				D5A8A51329E05E84004729EF /* RedditProyectUITests.swift */,
				D5A8A51529E05E84004729EF /* RedditProyectUITestsLaunchTests.swift */,
			);
			path = RedditUITests;
			sourceTree = "<group>";
		};
		D5A8A52829E45B65004729EF /* Model */ = {
			isa = PBXGroup;
			children = (
				D5A8A52629E0AE60004729EF /* NewsResponseFromApi.swift */,
				931C6B252A09905000ED32D5 /* WeatherResponseFromApi.swift */,
			);
			path = Model;
			sourceTree = "<group>";
		};
		D5A8A53B29E48BC8004729EF /* Model */ = {
			isa = PBXGroup;
			children = (
				D5A8A53929E48ADF004729EF /* New.swift */,
				931C6B232A098BC200ED32D5 /* Weather.swift */,
			);
			path = Model;
			sourceTree = "<group>";
		};
		D5A8A53C29E48BD8004729EF /* Cell */ = {
			isa = PBXGroup;
			children = (
				D5A8A52229E0656C004729EF /* NewTableViewCell.swift */,
			);
			path = Cell;
			sourceTree = "<group>";
		};
		D5A8A53D29E48BE9004729EF /* Http */ = {
			isa = PBXGroup;
			children = (
				D578020829EF11DB00A60E80 /* Error */,
				D5A8A52829E45B65004729EF /* Model */,
				931C6B1E2A05BB1400ED32D5 /* BaseUrl.swift */,
				D5A8A52429E0AC85004729EF /* HttpConnector.swift */,
			);
			path = Http;
			sourceTree = "<group>";
		};
		D5A8A53E29E48C14004729EF /* ViewController */ = {
			isa = PBXGroup;
			children = (
				0DDC07F22A17D17F00946C28 /* Weather */,
				0DDC07F12A17D17C00946C28 /* News */,
				935CDFC42A014FA80010F6FB /* Model */,
				935CDFC32A014BA50010F6FB /* Error */,
			);
			path = ViewController;
			sourceTree = "<group>";
		};
		D5A8A54129E493EE004729EF /* Extension */ = {
			isa = PBXGroup;
			children = (
				D5A8A53F29E493E3004729EF /* UIImage+Extension.swift */,
				D578020629EF0E3D00A60E80 /* UIViewController+Extension.swift */,
				D5A8A54229E578F8004729EF /* Date+Extension.swift */,
				D5A8A55229EDD244004729EF /* Array+Extension.swift */,
			);
			path = Extension;
			sourceTree = "<group>";
		};
/* End PBXGroup section */

/* Begin PBXNativeTarget section */
		D5A8A4EE29E05E83004729EF /* Reddit */ = {
			isa = PBXNativeTarget;
			buildConfigurationList = D5A8A51929E05E84004729EF /* Build configuration list for PBXNativeTarget "Reddit" */;
			buildPhases = (
				7B6B1DE4636318B96EC114DE /* [CP] Check Pods Manifest.lock */,
				D5A8A4EB29E05E83004729EF /* Sources */,
				D5A8A4EC29E05E83004729EF /* Frameworks */,
				D5A8A4ED29E05E83004729EF /* Resources */,
				FB95ECC83952185C9E70B048 /* [CP] Embed Pods Frameworks */,
			);
			buildRules = (
			);
			dependencies = (
			);
			name = Reddit;
			productName = RedditProyect;
			productReference = D5A8A4EF29E05E83004729EF /* Reddit.app */;
			productType = "com.apple.product-type.application";
		};
		D5A8A50429E05E84004729EF /* RedditTests */ = {
			isa = PBXNativeTarget;
			buildConfigurationList = D5A8A51C29E05E84004729EF /* Build configuration list for PBXNativeTarget "RedditTests" */;
			buildPhases = (
				663CE70B3EA92D4D1D5A6338 /* [CP] Check Pods Manifest.lock */,
				D5A8A50129E05E84004729EF /* Sources */,
				D5A8A50229E05E84004729EF /* Frameworks */,
				D5A8A50329E05E84004729EF /* Resources */,
			);
			buildRules = (
			);
			dependencies = (
				D5A8A50729E05E84004729EF /* PBXTargetDependency */,
			);
			name = RedditTests;
			productName = RedditProyectTests;
			productReference = D5A8A50529E05E84004729EF /* RedditTests.xctest */;
			productType = "com.apple.product-type.bundle.unit-test";
		};
		D5A8A50E29E05E84004729EF /* RedditUITests */ = {
			isa = PBXNativeTarget;
			buildConfigurationList = D5A8A51F29E05E84004729EF /* Build configuration list for PBXNativeTarget "RedditUITests" */;
			buildPhases = (
				67283AA2C55B865237400195 /* [CP] Check Pods Manifest.lock */,
				D5A8A50B29E05E84004729EF /* Sources */,
				D5A8A50C29E05E84004729EF /* Frameworks */,
				D5A8A50D29E05E84004729EF /* Resources */,
				0763A1CA628D498031C19EEB /* [CP] Embed Pods Frameworks */,
			);
			buildRules = (
			);
			dependencies = (
				D5A8A51129E05E84004729EF /* PBXTargetDependency */,
			);
			name = RedditUITests;
			productName = RedditProyectUITests;
			productReference = D5A8A50F29E05E84004729EF /* RedditUITests.xctest */;
			productType = "com.apple.product-type.bundle.ui-testing";
		};
/* End PBXNativeTarget section */

/* Begin PBXProject section */
		D5A8A4E729E05E83004729EF /* Project object */ = {
			isa = PBXProject;
			attributes = {
				BuildIndependentTargetsInParallel = 1;
				LastSwiftUpdateCheck = 1340;
				LastUpgradeCheck = 1340;
				TargetAttributes = {
					D5A8A4EE29E05E83004729EF = {
						CreatedOnToolsVersion = 13.4.1;
					};
					D5A8A50429E05E84004729EF = {
						CreatedOnToolsVersion = 13.4.1;
						TestTargetID = D5A8A4EE29E05E83004729EF;
					};
					D5A8A50E29E05E84004729EF = {
						CreatedOnToolsVersion = 13.4.1;
						TestTargetID = D5A8A4EE29E05E83004729EF;
					};
				};
			};
			buildConfigurationList = D5A8A4EA29E05E83004729EF /* Build configuration list for PBXProject "Reddit" */;
			compatibilityVersion = "Xcode 13.0";
			developmentRegion = en;
			hasScannedForEncodings = 0;
			knownRegions = (
				en,
				Base,
			);
			mainGroup = D5A8A4E629E05E83004729EF;
			productRefGroup = D5A8A4F029E05E83004729EF /* Products */;
			projectDirPath = "";
			projectRoot = "";
			targets = (
				D5A8A4EE29E05E83004729EF /* Reddit */,
				D5A8A50429E05E84004729EF /* RedditTests */,
				D5A8A50E29E05E84004729EF /* RedditUITests */,
			);
		};
/* End PBXProject section */

/* Begin PBXResourcesBuildPhase section */
		D5A8A4ED29E05E83004729EF /* Resources */ = {
			isa = PBXResourcesBuildPhase;
			buildActionMask = 2147483647;
			files = (
				D5A8A4FF29E05E83004729EF /* LaunchScreen.storyboard in Resources */,
				D5A8A4FC29E05E83004729EF /* Assets.xcassets in Resources */,
			);
			runOnlyForDeploymentPostprocessing = 0;
		};
		D5A8A50329E05E84004729EF /* Resources */ = {
			isa = PBXResourcesBuildPhase;
			buildActionMask = 2147483647;
			files = (
			);
			runOnlyForDeploymentPostprocessing = 0;
		};
		D5A8A50D29E05E84004729EF /* Resources */ = {
			isa = PBXResourcesBuildPhase;
			buildActionMask = 2147483647;
			files = (
			);
			runOnlyForDeploymentPostprocessing = 0;
		};
/* End PBXResourcesBuildPhase section */

/* Begin PBXShellScriptBuildPhase section */
		0763A1CA628D498031C19EEB /* [CP] Embed Pods Frameworks */ = {
			isa = PBXShellScriptBuildPhase;
			buildActionMask = 2147483647;
			files = (
			);
			inputFileListPaths = (
				"${PODS_ROOT}/Target Support Files/Pods-Reddit-RedditUITests/Pods-Reddit-RedditUITests-frameworks-${CONFIGURATION}-input-files.xcfilelist",
			);
			name = "[CP] Embed Pods Frameworks";
			outputFileListPaths = (
				"${PODS_ROOT}/Target Support Files/Pods-Reddit-RedditUITests/Pods-Reddit-RedditUITests-frameworks-${CONFIGURATION}-output-files.xcfilelist",
			);
			runOnlyForDeploymentPostprocessing = 0;
			shellPath = /bin/sh;
			shellScript = "\"${PODS_ROOT}/Target Support Files/Pods-Reddit-RedditUITests/Pods-Reddit-RedditUITests-frameworks.sh\"\n";
			showEnvVarsInLog = 0;
		};
		663CE70B3EA92D4D1D5A6338 /* [CP] Check Pods Manifest.lock */ = {
			isa = PBXShellScriptBuildPhase;
			buildActionMask = 2147483647;
			files = (
			);
			inputFileListPaths = (
			);
			inputPaths = (
				"${PODS_PODFILE_DIR_PATH}/Podfile.lock",
				"${PODS_ROOT}/Manifest.lock",
			);
			name = "[CP] Check Pods Manifest.lock";
			outputFileListPaths = (
			);
			outputPaths = (
				"$(DERIVED_FILE_DIR)/Pods-RedditTests-checkManifestLockResult.txt",
			);
			runOnlyForDeploymentPostprocessing = 0;
			shellPath = /bin/sh;
			shellScript = "diff \"${PODS_PODFILE_DIR_PATH}/Podfile.lock\" \"${PODS_ROOT}/Manifest.lock\" > /dev/null\nif [ $? != 0 ] ; then\n    # print error to STDERR\n    echo \"error: The sandbox is not in sync with the Podfile.lock. Run 'pod install' or update your CocoaPods installation.\" >&2\n    exit 1\nfi\n# This output is used by Xcode 'outputs' to avoid re-running this script phase.\necho \"SUCCESS\" > \"${SCRIPT_OUTPUT_FILE_0}\"\n";
			showEnvVarsInLog = 0;
		};
		67283AA2C55B865237400195 /* [CP] Check Pods Manifest.lock */ = {
			isa = PBXShellScriptBuildPhase;
			buildActionMask = 2147483647;
			files = (
			);
			inputFileListPaths = (
			);
			inputPaths = (
				"${PODS_PODFILE_DIR_PATH}/Podfile.lock",
				"${PODS_ROOT}/Manifest.lock",
			);
			name = "[CP] Check Pods Manifest.lock";
			outputFileListPaths = (
			);
			outputPaths = (
				"$(DERIVED_FILE_DIR)/Pods-Reddit-RedditUITests-checkManifestLockResult.txt",
			);
			runOnlyForDeploymentPostprocessing = 0;
			shellPath = /bin/sh;
			shellScript = "diff \"${PODS_PODFILE_DIR_PATH}/Podfile.lock\" \"${PODS_ROOT}/Manifest.lock\" > /dev/null\nif [ $? != 0 ] ; then\n    # print error to STDERR\n    echo \"error: The sandbox is not in sync with the Podfile.lock. Run 'pod install' or update your CocoaPods installation.\" >&2\n    exit 1\nfi\n# This output is used by Xcode 'outputs' to avoid re-running this script phase.\necho \"SUCCESS\" > \"${SCRIPT_OUTPUT_FILE_0}\"\n";
			showEnvVarsInLog = 0;
		};
		7B6B1DE4636318B96EC114DE /* [CP] Check Pods Manifest.lock */ = {
			isa = PBXShellScriptBuildPhase;
			buildActionMask = 2147483647;
			files = (
			);
			inputFileListPaths = (
			);
			inputPaths = (
				"${PODS_PODFILE_DIR_PATH}/Podfile.lock",
				"${PODS_ROOT}/Manifest.lock",
			);
			name = "[CP] Check Pods Manifest.lock";
			outputFileListPaths = (
			);
			outputPaths = (
				"$(DERIVED_FILE_DIR)/Pods-Reddit-checkManifestLockResult.txt",
			);
			runOnlyForDeploymentPostprocessing = 0;
			shellPath = /bin/sh;
			shellScript = "diff \"${PODS_PODFILE_DIR_PATH}/Podfile.lock\" \"${PODS_ROOT}/Manifest.lock\" > /dev/null\nif [ $? != 0 ] ; then\n    # print error to STDERR\n    echo \"error: The sandbox is not in sync with the Podfile.lock. Run 'pod install' or update your CocoaPods installation.\" >&2\n    exit 1\nfi\n# This output is used by Xcode 'outputs' to avoid re-running this script phase.\necho \"SUCCESS\" > \"${SCRIPT_OUTPUT_FILE_0}\"\n";
			showEnvVarsInLog = 0;
		};
		FB95ECC83952185C9E70B048 /* [CP] Embed Pods Frameworks */ = {
			isa = PBXShellScriptBuildPhase;
			buildActionMask = 2147483647;
			files = (
			);
			inputFileListPaths = (
				"${PODS_ROOT}/Target Support Files/Pods-Reddit/Pods-Reddit-frameworks-${CONFIGURATION}-input-files.xcfilelist",
			);
			name = "[CP] Embed Pods Frameworks";
			outputFileListPaths = (
				"${PODS_ROOT}/Target Support Files/Pods-Reddit/Pods-Reddit-frameworks-${CONFIGURATION}-output-files.xcfilelist",
			);
			runOnlyForDeploymentPostprocessing = 0;
			shellPath = /bin/sh;
			shellScript = "\"${PODS_ROOT}/Target Support Files/Pods-Reddit/Pods-Reddit-frameworks.sh\"\n";
			showEnvVarsInLog = 0;
		};
/* End PBXShellScriptBuildPhase section */

/* Begin PBXSourcesBuildPhase section */
		D5A8A4EB29E05E83004729EF /* Sources */ = {
			isa = PBXSourcesBuildPhase;
			buildActionMask = 2147483647;
			files = (
				D578020729EF0E3D00A60E80 /* UIViewController+Extension.swift in Sources */,
				931C6B212A098B7000ED32D5 /* WeatherProvider.swift in Sources */,
				D5A8A53A29E48ADF004729EF /* New.swift in Sources */,
				0DE8B3BE2A1E668D0050F54D /* Networking.swift in Sources */,
				D578020529EF0A3000A60E80 /* ErrorManager.swift in Sources */,
				D5A8A54329E578F8004729EF /* Date+Extension.swift in Sources */,
				D5A8A54929E5D369004729EF /* NewDetailViewController.swift in Sources */,
				935CDFBC29FF3DC30010F6FB /* NewsProvider.swift in Sources */,
				931C6B1F2A05BB1400ED32D5 /* BaseUrl.swift in Sources */,
				D5A8A52329E0656C004729EF /* NewTableViewCell.swift in Sources */,
				D5A8A55329EDD244004729EF /* Array+Extension.swift in Sources */,
				935CDFBE29FF3DEE0010F6FB /* FixedNewsProvider.swift in Sources */,
				D5A8A54D29E6F77E004729EF /* UserConfiguration.swift in Sources */,
				931C6B282A09DF6A00ED32D5 /* WeatherViewController.swift in Sources */,
				D5A8A52729E0AE60004729EF /* NewsResponseFromApi.swift in Sources */,
				931C6B262A09905000ED32D5 /* WeatherResponseFromApi.swift in Sources */,
				931C6B242A098BC200ED32D5 /* Weather.swift in Sources */,
				D5A8A52529E0AC85004729EF /* HttpConnector.swift in Sources */,
				935CDFC22A0148F80010F6FB /* ErrorType.swift in Sources */,
				D5A8A4F729E05E83004729EF /* NewsViewController.swift in Sources */,
				D5A8A53629E45CD6004729EF /* NetworkingError.swift in Sources */,
				931C6B2B2A0A705400ED32D5 /* FixedWeatherProvider.swift in Sources */,
				935CDFC02A00806A0010F6FB /* Pagination.swift in Sources */,
				D5A8A54029E493E3004729EF /* UIImage+Extension.swift in Sources */,
				D5A8A4F329E05E83004729EF /* AppDelegate.swift in Sources */,
			);
			runOnlyForDeploymentPostprocessing = 0;
		};
		D5A8A50129E05E84004729EF /* Sources */ = {
			isa = PBXSourcesBuildPhase;
			buildActionMask = 2147483647;
			files = (
				935CDF7429F325B90010F6FB /* PaginationTests.swift in Sources */,
				D578020329EE337F00A60E80 /* DateExtensionTests.swift in Sources */,
				D578020129EE2E9700A60E80 /* ArrayExtensionTests.swift in Sources */,
			);
			runOnlyForDeploymentPostprocessing = 0;
		};
		D5A8A50B29E05E84004729EF /* Sources */ = {
			isa = PBXSourcesBuildPhase;
			buildActionMask = 2147483647;
			files = (
				D5A8A51429E05E84004729EF /* RedditProyectUITests.swift in Sources */,
				D5A8A51629E05E84004729EF /* RedditProyectUITestsLaunchTests.swift in Sources */,
			);
			runOnlyForDeploymentPostprocessing = 0;
		};
/* End PBXSourcesBuildPhase section */

/* Begin PBXTargetDependency section */
		D5A8A50729E05E84004729EF /* PBXTargetDependency */ = {
			isa = PBXTargetDependency;
			target = D5A8A4EE29E05E83004729EF /* Reddit */;
			targetProxy = D5A8A50629E05E84004729EF /* PBXContainerItemProxy */;
		};
		D5A8A51129E05E84004729EF /* PBXTargetDependency */ = {
			isa = PBXTargetDependency;
			target = D5A8A4EE29E05E83004729EF /* Reddit */;
			targetProxy = D5A8A51029E05E84004729EF /* PBXContainerItemProxy */;
		};
/* End PBXTargetDependency section */

/* Begin PBXVariantGroup section */
		D5A8A4FD29E05E83004729EF /* LaunchScreen.storyboard */ = {
			isa = PBXVariantGroup;
			children = (
				D5A8A4FE29E05E83004729EF /* Base */,
			);
			name = LaunchScreen.storyboard;
			sourceTree = "<group>";
		};
/* End PBXVariantGroup section */

/* Begin XCBuildConfiguration section */
		D5A8A51729E05E84004729EF /* Debug */ = {
			isa = XCBuildConfiguration;
			buildSettings = {
				ALWAYS_SEARCH_USER_PATHS = NO;
				CLANG_ANALYZER_NONNULL = YES;
				CLANG_ANALYZER_NUMBER_OBJECT_CONVERSION = YES_AGGRESSIVE;
				CLANG_CXX_LANGUAGE_STANDARD = "gnu++17";
				CLANG_ENABLE_MODULES = YES;
				CLANG_ENABLE_OBJC_ARC = YES;
				CLANG_ENABLE_OBJC_WEAK = YES;
				CLANG_WARN_BLOCK_CAPTURE_AUTORELEASING = YES;
				CLANG_WARN_BOOL_CONVERSION = YES;
				CLANG_WARN_COMMA = YES;
				CLANG_WARN_CONSTANT_CONVERSION = YES;
				CLANG_WARN_DEPRECATED_OBJC_IMPLEMENTATIONS = YES;
				CLANG_WARN_DIRECT_OBJC_ISA_USAGE = YES_ERROR;
				CLANG_WARN_DOCUMENTATION_COMMENTS = YES;
				CLANG_WARN_EMPTY_BODY = YES;
				CLANG_WARN_ENUM_CONVERSION = YES;
				CLANG_WARN_INFINITE_RECURSION = YES;
				CLANG_WARN_INT_CONVERSION = YES;
				CLANG_WARN_NON_LITERAL_NULL_CONVERSION = YES;
				CLANG_WARN_OBJC_IMPLICIT_RETAIN_SELF = YES;
				CLANG_WARN_OBJC_LITERAL_CONVERSION = YES;
				CLANG_WARN_OBJC_ROOT_CLASS = YES_ERROR;
				CLANG_WARN_QUOTED_INCLUDE_IN_FRAMEWORK_HEADER = YES;
				CLANG_WARN_RANGE_LOOP_ANALYSIS = YES;
				CLANG_WARN_STRICT_PROTOTYPES = YES;
				CLANG_WARN_SUSPICIOUS_MOVE = YES;
				CLANG_WARN_UNGUARDED_AVAILABILITY = YES_AGGRESSIVE;
				CLANG_WARN_UNREACHABLE_CODE = YES;
				CLANG_WARN__DUPLICATE_METHOD_MATCH = YES;
				COPY_PHASE_STRIP = NO;
				DEBUG_INFORMATION_FORMAT = dwarf;
				ENABLE_STRICT_OBJC_MSGSEND = YES;
				ENABLE_TESTABILITY = YES;
				GCC_C_LANGUAGE_STANDARD = gnu11;
				GCC_DYNAMIC_NO_PIC = NO;
				GCC_NO_COMMON_BLOCKS = YES;
				GCC_OPTIMIZATION_LEVEL = 0;
				GCC_PREPROCESSOR_DEFINITIONS = (
					"DEBUG=1",
					"$(inherited)",
				);
				GCC_WARN_64_TO_32_BIT_CONVERSION = YES;
				GCC_WARN_ABOUT_RETURN_TYPE = YES_ERROR;
				GCC_WARN_UNDECLARED_SELECTOR = YES;
				GCC_WARN_UNINITIALIZED_AUTOS = YES_AGGRESSIVE;
				GCC_WARN_UNUSED_FUNCTION = YES;
				GCC_WARN_UNUSED_VARIABLE = YES;
				IPHONEOS_DEPLOYMENT_TARGET = 13.1;
				MTL_ENABLE_DEBUG_INFO = INCLUDE_SOURCE;
				MTL_FAST_MATH = YES;
				ONLY_ACTIVE_ARCH = YES;
				SDKROOT = iphoneos;
				SWIFT_ACTIVE_COMPILATION_CONDITIONS = DEBUG;
				SWIFT_OPTIMIZATION_LEVEL = "-Onone";
			};
			name = Debug;
		};
		D5A8A51829E05E84004729EF /* Release */ = {
			isa = XCBuildConfiguration;
			buildSettings = {
				ALWAYS_SEARCH_USER_PATHS = NO;
				CLANG_ANALYZER_NONNULL = YES;
				CLANG_ANALYZER_NUMBER_OBJECT_CONVERSION = YES_AGGRESSIVE;
				CLANG_CXX_LANGUAGE_STANDARD = "gnu++17";
				CLANG_ENABLE_MODULES = YES;
				CLANG_ENABLE_OBJC_ARC = YES;
				CLANG_ENABLE_OBJC_WEAK = YES;
				CLANG_WARN_BLOCK_CAPTURE_AUTORELEASING = YES;
				CLANG_WARN_BOOL_CONVERSION = YES;
				CLANG_WARN_COMMA = YES;
				CLANG_WARN_CONSTANT_CONVERSION = YES;
				CLANG_WARN_DEPRECATED_OBJC_IMPLEMENTATIONS = YES;
				CLANG_WARN_DIRECT_OBJC_ISA_USAGE = YES_ERROR;
				CLANG_WARN_DOCUMENTATION_COMMENTS = YES;
				CLANG_WARN_EMPTY_BODY = YES;
				CLANG_WARN_ENUM_CONVERSION = YES;
				CLANG_WARN_INFINITE_RECURSION = YES;
				CLANG_WARN_INT_CONVERSION = YES;
				CLANG_WARN_NON_LITERAL_NULL_CONVERSION = YES;
				CLANG_WARN_OBJC_IMPLICIT_RETAIN_SELF = YES;
				CLANG_WARN_OBJC_LITERAL_CONVERSION = YES;
				CLANG_WARN_OBJC_ROOT_CLASS = YES_ERROR;
				CLANG_WARN_QUOTED_INCLUDE_IN_FRAMEWORK_HEADER = YES;
				CLANG_WARN_RANGE_LOOP_ANALYSIS = YES;
				CLANG_WARN_STRICT_PROTOTYPES = YES;
				CLANG_WARN_SUSPICIOUS_MOVE = YES;
				CLANG_WARN_UNGUARDED_AVAILABILITY = YES_AGGRESSIVE;
				CLANG_WARN_UNREACHABLE_CODE = YES;
				CLANG_WARN__DUPLICATE_METHOD_MATCH = YES;
				COPY_PHASE_STRIP = NO;
				DEBUG_INFORMATION_FORMAT = "dwarf-with-dsym";
				ENABLE_NS_ASSERTIONS = NO;
				ENABLE_STRICT_OBJC_MSGSEND = YES;
				GCC_C_LANGUAGE_STANDARD = gnu11;
				GCC_NO_COMMON_BLOCKS = YES;
				GCC_WARN_64_TO_32_BIT_CONVERSION = YES;
				GCC_WARN_ABOUT_RETURN_TYPE = YES_ERROR;
				GCC_WARN_UNDECLARED_SELECTOR = YES;
				GCC_WARN_UNINITIALIZED_AUTOS = YES_AGGRESSIVE;
				GCC_WARN_UNUSED_FUNCTION = YES;
				GCC_WARN_UNUSED_VARIABLE = YES;
				IPHONEOS_DEPLOYMENT_TARGET = 13.1;
				MTL_ENABLE_DEBUG_INFO = NO;
				MTL_FAST_MATH = YES;
				SDKROOT = iphoneos;
				SWIFT_COMPILATION_MODE = wholemodule;
				SWIFT_OPTIMIZATION_LEVEL = "-O";
				VALIDATE_PRODUCT = YES;
			};
			name = Release;
		};
		D5A8A51A29E05E84004729EF /* Debug */ = {
			isa = XCBuildConfiguration;
			baseConfigurationReference = ADB3EA0EA7BFB67313F9AF95 /* Pods-Reddit.debug.xcconfig */;
			buildSettings = {
				ASSETCATALOG_COMPILER_APPICON_NAME = AppIcon;
				ASSETCATALOG_COMPILER_GLOBAL_ACCENT_COLOR_NAME = AccentColor;
				CODE_SIGN_STYLE = Automatic;
				CURRENT_PROJECT_VERSION = 1;
				GENERATE_INFOPLIST_FILE = YES;
				INFOPLIST_FILE = Reddit/Info.plist;
				INFOPLIST_KEY_NSPhotoLibraryAddUsageDescription = "We want to save the image to your gallery.";
				INFOPLIST_KEY_UIApplicationSupportsIndirectInputEvents = YES;
				INFOPLIST_KEY_UILaunchStoryboardName = LaunchScreen;
				INFOPLIST_KEY_UISupportedInterfaceOrientations_iPad = "UIInterfaceOrientationPortrait UIInterfaceOrientationPortraitUpsideDown UIInterfaceOrientationLandscapeLeft UIInterfaceOrientationLandscapeRight";
				INFOPLIST_KEY_UISupportedInterfaceOrientations_iPhone = "UIInterfaceOrientationPortrait UIInterfaceOrientationLandscapeLeft UIInterfaceOrientationLandscapeRight";
				LD_RUNPATH_SEARCH_PATHS = (
					"$(inherited)",
					"@executable_path/Frameworks",
				);
				MARKETING_VERSION = 1.0;
				PRODUCT_BUNDLE_IDENTIFIER = com.vkorbenfeld.Reddit;
				PRODUCT_NAME = "$(TARGET_NAME)";
				SWIFT_EMIT_LOC_STRINGS = YES;
				SWIFT_VERSION = 5.0;
				TARGETED_DEVICE_FAMILY = "1,2";
			};
			name = Debug;
		};
		D5A8A51B29E05E84004729EF /* Release */ = {
			isa = XCBuildConfiguration;
			baseConfigurationReference = 5A2F43DA81555711B670106C /* Pods-Reddit.release.xcconfig */;
			buildSettings = {
				ASSETCATALOG_COMPILER_APPICON_NAME = AppIcon;
				ASSETCATALOG_COMPILER_GLOBAL_ACCENT_COLOR_NAME = AccentColor;
				CODE_SIGN_STYLE = Automatic;
				CURRENT_PROJECT_VERSION = 1;
				GENERATE_INFOPLIST_FILE = YES;
				INFOPLIST_FILE = Reddit/Info.plist;
				INFOPLIST_KEY_NSPhotoLibraryAddUsageDescription = "We want to save the image to your gallery.";
				INFOPLIST_KEY_UIApplicationSupportsIndirectInputEvents = YES;
				INFOPLIST_KEY_UILaunchStoryboardName = LaunchScreen;
				INFOPLIST_KEY_UISupportedInterfaceOrientations_iPad = "UIInterfaceOrientationPortrait UIInterfaceOrientationPortraitUpsideDown UIInterfaceOrientationLandscapeLeft UIInterfaceOrientationLandscapeRight";
				INFOPLIST_KEY_UISupportedInterfaceOrientations_iPhone = "UIInterfaceOrientationPortrait UIInterfaceOrientationLandscapeLeft UIInterfaceOrientationLandscapeRight";
				LD_RUNPATH_SEARCH_PATHS = (
					"$(inherited)",
					"@executable_path/Frameworks",
				);
				MARKETING_VERSION = 1.0;
				PRODUCT_BUNDLE_IDENTIFIER = com.vkorbenfeld.Reddit;
				PRODUCT_NAME = "$(TARGET_NAME)";
				SWIFT_EMIT_LOC_STRINGS = YES;
				SWIFT_VERSION = 5.0;
				TARGETED_DEVICE_FAMILY = "1,2";
			};
			name = Release;
		};
		D5A8A51D29E05E84004729EF /* Debug */ = {
			isa = XCBuildConfiguration;
			baseConfigurationReference = 53CF14817F74646C9F212EA5 /* Pods-RedditTests.debug.xcconfig */;
			buildSettings = {
				ALWAYS_EMBED_SWIFT_STANDARD_LIBRARIES = YES;
				BUNDLE_LOADER = "$(TEST_HOST)";
				CODE_SIGN_STYLE = Automatic;
				CURRENT_PROJECT_VERSION = 1;
				GENERATE_INFOPLIST_FILE = YES;
				IPHONEOS_DEPLOYMENT_TARGET = 15.5;
				MARKETING_VERSION = 1.0;
				PRODUCT_BUNDLE_IDENTIFIER = com.vkorbenfeld.RedditProyectTests;
				PRODUCT_NAME = "$(TARGET_NAME)";
				SWIFT_EMIT_LOC_STRINGS = NO;
				SWIFT_VERSION = 5.0;
				TARGETED_DEVICE_FAMILY = "1,2";
				TEST_HOST = "$(BUILT_PRODUCTS_DIR)/Reddit.app/Reddit";
			};
			name = Debug;
		};
		D5A8A51E29E05E84004729EF /* Release */ = {
			isa = XCBuildConfiguration;
			baseConfigurationReference = 37ADB7E11C82050296D1C8BC /* Pods-RedditTests.release.xcconfig */;
			buildSettings = {
				ALWAYS_EMBED_SWIFT_STANDARD_LIBRARIES = YES;
				BUNDLE_LOADER = "$(TEST_HOST)";
				CODE_SIGN_STYLE = Automatic;
				CURRENT_PROJECT_VERSION = 1;
				GENERATE_INFOPLIST_FILE = YES;
				IPHONEOS_DEPLOYMENT_TARGET = 15.5;
				MARKETING_VERSION = 1.0;
				PRODUCT_BUNDLE_IDENTIFIER = com.vkorbenfeld.RedditProyectTests;
				PRODUCT_NAME = "$(TARGET_NAME)";
				SWIFT_EMIT_LOC_STRINGS = NO;
				SWIFT_VERSION = 5.0;
				TARGETED_DEVICE_FAMILY = "1,2";
				TEST_HOST = "$(BUILT_PRODUCTS_DIR)/Reddit.app/Reddit";
			};
			name = Release;
		};
		D5A8A52029E05E84004729EF /* Debug */ = {
			isa = XCBuildConfiguration;
			baseConfigurationReference = B88921B17F7535930A45AF6F /* Pods-Reddit-RedditUITests.debug.xcconfig */;
			buildSettings = {
				ALWAYS_EMBED_SWIFT_STANDARD_LIBRARIES = YES;
				CODE_SIGN_STYLE = Automatic;
				CURRENT_PROJECT_VERSION = 1;
				GENERATE_INFOPLIST_FILE = YES;
				INFOPLIST_FILE = RedditUITests/Info.plist;
				INFOPLIST_KEY_LSApplicationCategoryType = "";
				MARKETING_VERSION = 1.0;
				PRODUCT_BUNDLE_IDENTIFIER = com.vkorbenfeld.RedditProyectUITests;
				PRODUCT_NAME = "$(TARGET_NAME)";
				SWIFT_EMIT_LOC_STRINGS = NO;
				SWIFT_VERSION = 5.0;
				TARGETED_DEVICE_FAMILY = "1,2";
				TEST_TARGET_NAME = RedditProyect;
			};
			name = Debug;
		};
		D5A8A52129E05E84004729EF /* Release */ = {
			isa = XCBuildConfiguration;
			baseConfigurationReference = 45808F9A6468CC106A7873CE /* Pods-Reddit-RedditUITests.release.xcconfig */;
			buildSettings = {
				ALWAYS_EMBED_SWIFT_STANDARD_LIBRARIES = YES;
				CODE_SIGN_STYLE = Automatic;
				CURRENT_PROJECT_VERSION = 1;
				GENERATE_INFOPLIST_FILE = YES;
				INFOPLIST_FILE = RedditUITests/Info.plist;
				INFOPLIST_KEY_LSApplicationCategoryType = "";
				MARKETING_VERSION = 1.0;
				PRODUCT_BUNDLE_IDENTIFIER = com.vkorbenfeld.RedditProyectUITests;
				PRODUCT_NAME = "$(TARGET_NAME)";
				SWIFT_EMIT_LOC_STRINGS = NO;
				SWIFT_VERSION = 5.0;
				TARGETED_DEVICE_FAMILY = "1,2";
				TEST_TARGET_NAME = RedditProyect;
			};
			name = Release;
		};
/* End XCBuildConfiguration section */

/* Begin XCConfigurationList section */
		D5A8A4EA29E05E83004729EF /* Build configuration list for PBXProject "Reddit" */ = {
			isa = XCConfigurationList;
			buildConfigurations = (
				D5A8A51729E05E84004729EF /* Debug */,
				D5A8A51829E05E84004729EF /* Release */,
			);
			defaultConfigurationIsVisible = 0;
			defaultConfigurationName = Release;
		};
		D5A8A51929E05E84004729EF /* Build configuration list for PBXNativeTarget "Reddit" */ = {
			isa = XCConfigurationList;
			buildConfigurations = (
				D5A8A51A29E05E84004729EF /* Debug */,
				D5A8A51B29E05E84004729EF /* Release */,
			);
			defaultConfigurationIsVisible = 0;
			defaultConfigurationName = Release;
		};
		D5A8A51C29E05E84004729EF /* Build configuration list for PBXNativeTarget "RedditTests" */ = {
			isa = XCConfigurationList;
			buildConfigurations = (
				D5A8A51D29E05E84004729EF /* Debug */,
				D5A8A51E29E05E84004729EF /* Release */,
			);
			defaultConfigurationIsVisible = 0;
			defaultConfigurationName = Release;
		};
		D5A8A51F29E05E84004729EF /* Build configuration list for PBXNativeTarget "RedditUITests" */ = {
			isa = XCConfigurationList;
			buildConfigurations = (
				D5A8A52029E05E84004729EF /* Debug */,
				D5A8A52129E05E84004729EF /* Release */,
			);
			defaultConfigurationIsVisible = 0;
			defaultConfigurationName = Release;
		};
/* End XCConfigurationList section */
	};
	rootObject = D5A8A4E729E05E83004729EF /* Project object */;
}
