// !$*UTF8*$!
{
	archiveVersion = 1;
	classes = {
	};
	objectVersion = 55;
	objects = {

/* Begin PBXBuildFile section */
		D5A8A4F329E05E83004729EF /* AppDelegate.swift in Sources */ = {isa = PBXBuildFile; fileRef = D5A8A4F229E05E83004729EF /* AppDelegate.swift */; };
		D5A8A4F729E05E83004729EF /* NewsViewController.swift in Sources */ = {isa = PBXBuildFile; fileRef = D5A8A4F629E05E83004729EF /* NewsViewController.swift */; };
		D5A8A4FC29E05E83004729EF /* Assets.xcassets in Resources */ = {isa = PBXBuildFile; fileRef = D5A8A4FB29E05E83004729EF /* Assets.xcassets */; };
		D5A8A4FF29E05E83004729EF /* LaunchScreen.storyboard in Resources */ = {isa = PBXBuildFile; fileRef = D5A8A4FD29E05E83004729EF /* LaunchScreen.storyboard */; };
		D5A8A50A29E05E84004729EF /* RedditProyectTests.swift in Sources */ = {isa = PBXBuildFile; fileRef = D5A8A50929E05E84004729EF /* RedditProyectTests.swift */; };
		D5A8A51429E05E84004729EF /* RedditProyectUITests.swift in Sources */ = {isa = PBXBuildFile; fileRef = D5A8A51329E05E84004729EF /* RedditProyectUITests.swift */; };
		D5A8A51629E05E84004729EF /* RedditProyectUITestsLaunchTests.swift in Sources */ = {isa = PBXBuildFile; fileRef = D5A8A51529E05E84004729EF /* RedditProyectUITestsLaunchTests.swift */; };
		D5A8A52329E0656C004729EF /* NewTableViewCell.swift in Sources */ = {isa = PBXBuildFile; fileRef = D5A8A52229E0656C004729EF /* NewTableViewCell.swift */; };
		D5A8A52529E0AC85004729EF /* HttpConnector.swift in Sources */ = {isa = PBXBuildFile; fileRef = D5A8A52429E0AC85004729EF /* HttpConnector.swift */; };
		D5A8A52729E0AE60004729EF /* News.swift in Sources */ = {isa = PBXBuildFile; fileRef = D5A8A52629E0AE60004729EF /* News.swift */; };
		D5A8A52A29E45B8C004729EF /* Child.swift in Sources */ = {isa = PBXBuildFile; fileRef = D5A8A52929E45B8C004729EF /* Child.swift */; };
		D5A8A52C29E45BAD004729EF /* Data.swift in Sources */ = {isa = PBXBuildFile; fileRef = D5A8A52B29E45BAD004729EF /* Data.swift */; };
		D5A8A52E29E45BC8004729EF /* ChildData.swift in Sources */ = {isa = PBXBuildFile; fileRef = D5A8A52D29E45BC8004729EF /* ChildData.swift */; };
		D5A8A53629E45CD6004729EF /* ErrorHandler.swift in Sources */ = {isa = PBXBuildFile; fileRef = D5A8A53529E45CD6004729EF /* ErrorHandler.swift */; };
		D5A8A53829E45DF4004729EF /* HttpMethod.swift in Sources */ = {isa = PBXBuildFile; fileRef = D5A8A53729E45DF4004729EF /* HttpMethod.swift */; };
		D5A8A53A29E48ADF004729EF /* New.swift in Sources */ = {isa = PBXBuildFile; fileRef = D5A8A53929E48ADF004729EF /* New.swift */; };
		D5A8A54029E493E3004729EF /* UIImage+Extension.swift in Sources */ = {isa = PBXBuildFile; fileRef = D5A8A53F29E493E3004729EF /* UIImage+Extension.swift */; };
		D5A8A54329E578F8004729EF /* Date+Extension.swift in Sources */ = {isa = PBXBuildFile; fileRef = D5A8A54229E578F8004729EF /* Date+Extension.swift */; };
		D5A8A54529E58FAB004729EF /* DateRange.swift in Sources */ = {isa = PBXBuildFile; fileRef = D5A8A54429E58FAB004729EF /* DateRange.swift */; };
		D5A8A54729E59279004729EF /* TimeInterval.swift in Sources */ = {isa = PBXBuildFile; fileRef = D5A8A54629E59279004729EF /* TimeInterval.swift */; };
		D5A8A54929E5D369004729EF /* NewDetailViewController.swift in Sources */ = {isa = PBXBuildFile; fileRef = D5A8A54829E5D369004729EF /* NewDetailViewController.swift */; };
		D5A8A54B29E6E408004729EF /* FullScreenPictureViewController.swift in Sources */ = {isa = PBXBuildFile; fileRef = D5A8A54A29E6E408004729EF /* FullScreenPictureViewController.swift */; };
		D5A8A54D29E6F77E004729EF /* UserConfiguration.swift in Sources */ = {isa = PBXBuildFile; fileRef = D5A8A54C29E6F77E004729EF /* UserConfiguration.swift */; };
/* End PBXBuildFile section */

/* Begin PBXContainerItemProxy section */
		D5A8A50629E05E84004729EF /* PBXContainerItemProxy */ = {
			isa = PBXContainerItemProxy;
			containerPortal = D5A8A4E729E05E83004729EF /* Project object */;
			proxyType = 1;
			remoteGlobalIDString = D5A8A4EE29E05E83004729EF;
			remoteInfo = RedditProyect;
		};
		D5A8A51029E05E84004729EF /* PBXContainerItemProxy */ = {
			isa = PBXContainerItemProxy;
			containerPortal = D5A8A4E729E05E83004729EF /* Project object */;
			proxyType = 1;
			remoteGlobalIDString = D5A8A4EE29E05E83004729EF;
			remoteInfo = RedditProyect;
		};
/* End PBXContainerItemProxy section */

/* Begin PBXFileReference section */
		D5A8A4EF29E05E83004729EF /* RedditProyect.app */ = {isa = PBXFileReference; explicitFileType = wrapper.application; includeInIndex = 0; path = RedditProyect.app; sourceTree = BUILT_PRODUCTS_DIR; };
		D5A8A4F229E05E83004729EF /* AppDelegate.swift */ = {isa = PBXFileReference; lastKnownFileType = sourcecode.swift; path = AppDelegate.swift; sourceTree = "<group>"; };
		D5A8A4F629E05E83004729EF /* NewsViewController.swift */ = {isa = PBXFileReference; lastKnownFileType = sourcecode.swift; path = NewsViewController.swift; sourceTree = "<group>"; };
		D5A8A4FB29E05E83004729EF /* Assets.xcassets */ = {isa = PBXFileReference; lastKnownFileType = folder.assetcatalog; path = Assets.xcassets; sourceTree = "<group>"; };
		D5A8A4FE29E05E83004729EF /* Base */ = {isa = PBXFileReference; lastKnownFileType = file.storyboard; name = Base; path = Base.lproj/LaunchScreen.storyboard; sourceTree = "<group>"; };
		D5A8A50029E05E83004729EF /* Info.plist */ = {isa = PBXFileReference; lastKnownFileType = text.plist.xml; path = Info.plist; sourceTree = "<group>"; };
		D5A8A50529E05E84004729EF /* RedditProyectTests.xctest */ = {isa = PBXFileReference; explicitFileType = wrapper.cfbundle; includeInIndex = 0; path = RedditProyectTests.xctest; sourceTree = BUILT_PRODUCTS_DIR; };
		D5A8A50929E05E84004729EF /* RedditProyectTests.swift */ = {isa = PBXFileReference; lastKnownFileType = sourcecode.swift; path = RedditProyectTests.swift; sourceTree = "<group>"; };
		D5A8A50F29E05E84004729EF /* RedditProyectUITests.xctest */ = {isa = PBXFileReference; explicitFileType = wrapper.cfbundle; includeInIndex = 0; path = RedditProyectUITests.xctest; sourceTree = BUILT_PRODUCTS_DIR; };
		D5A8A51329E05E84004729EF /* RedditProyectUITests.swift */ = {isa = PBXFileReference; lastKnownFileType = sourcecode.swift; path = RedditProyectUITests.swift; sourceTree = "<group>"; };
		D5A8A51529E05E84004729EF /* RedditProyectUITestsLaunchTests.swift */ = {isa = PBXFileReference; lastKnownFileType = sourcecode.swift; path = RedditProyectUITestsLaunchTests.swift; sourceTree = "<group>"; };
		D5A8A52229E0656C004729EF /* NewTableViewCell.swift */ = {isa = PBXFileReference; lastKnownFileType = sourcecode.swift; path = NewTableViewCell.swift; sourceTree = "<group>"; };
		D5A8A52429E0AC85004729EF /* HttpConnector.swift */ = {isa = PBXFileReference; lastKnownFileType = sourcecode.swift; path = HttpConnector.swift; sourceTree = "<group>"; };
		D5A8A52629E0AE60004729EF /* News.swift */ = {isa = PBXFileReference; lastKnownFileType = sourcecode.swift; path = News.swift; sourceTree = "<group>"; };
		D5A8A52929E45B8C004729EF /* Child.swift */ = {isa = PBXFileReference; lastKnownFileType = sourcecode.swift; path = Child.swift; sourceTree = "<group>"; };
		D5A8A52B29E45BAD004729EF /* Data.swift */ = {isa = PBXFileReference; lastKnownFileType = sourcecode.swift; path = Data.swift; sourceTree = "<group>"; };
		D5A8A52D29E45BC8004729EF /* ChildData.swift */ = {isa = PBXFileReference; lastKnownFileType = sourcecode.swift; path = ChildData.swift; sourceTree = "<group>"; };
		D5A8A53529E45CD6004729EF /* ErrorHandler.swift */ = {isa = PBXFileReference; lastKnownFileType = sourcecode.swift; path = ErrorHandler.swift; sourceTree = "<group>"; };
		D5A8A53729E45DF4004729EF /* HttpMethod.swift */ = {isa = PBXFileReference; lastKnownFileType = sourcecode.swift; path = HttpMethod.swift; sourceTree = "<group>"; };
		D5A8A53929E48ADF004729EF /* New.swift */ = {isa = PBXFileReference; lastKnownFileType = sourcecode.swift; path = New.swift; sourceTree = "<group>"; };
		D5A8A53F29E493E3004729EF /* UIImage+Extension.swift */ = {isa = PBXFileReference; lastKnownFileType = sourcecode.swift; path = "UIImage+Extension.swift"; sourceTree = "<group>"; };
		D5A8A54229E578F8004729EF /* Date+Extension.swift */ = {isa = PBXFileReference; lastKnownFileType = sourcecode.swift; path = "Date+Extension.swift"; sourceTree = "<group>"; };
		D5A8A54429E58FAB004729EF /* DateRange.swift */ = {isa = PBXFileReference; lastKnownFileType = sourcecode.swift; path = DateRange.swift; sourceTree = "<group>"; };
		D5A8A54629E59279004729EF /* TimeInterval.swift */ = {isa = PBXFileReference; lastKnownFileType = sourcecode.swift; path = TimeInterval.swift; sourceTree = "<group>"; };
		D5A8A54829E5D369004729EF /* NewDetailViewController.swift */ = {isa = PBXFileReference; lastKnownFileType = sourcecode.swift; path = NewDetailViewController.swift; sourceTree = "<group>"; };
		D5A8A54A29E6E408004729EF /* FullScreenPictureViewController.swift */ = {isa = PBXFileReference; lastKnownFileType = sourcecode.swift; path = FullScreenPictureViewController.swift; sourceTree = "<group>"; };
		D5A8A54C29E6F77E004729EF /* UserConfiguration.swift */ = {isa = PBXFileReference; lastKnownFileType = sourcecode.swift; path = UserConfiguration.swift; sourceTree = "<group>"; };
/* End PBXFileReference section */

/* Begin PBXFrameworksBuildPhase section */
		D5A8A4EC29E05E83004729EF /* Frameworks */ = {
			isa = PBXFrameworksBuildPhase;
			buildActionMask = 2147483647;
			files = (
			);
			runOnlyForDeploymentPostprocessing = 0;
		};
		D5A8A50229E05E84004729EF /* Frameworks */ = {
			isa = PBXFrameworksBuildPhase;
			buildActionMask = 2147483647;
			files = (
			);
			runOnlyForDeploymentPostprocessing = 0;
		};
		D5A8A50C29E05E84004729EF /* Frameworks */ = {
			isa = PBXFrameworksBuildPhase;
			buildActionMask = 2147483647;
			files = (
			);
			runOnlyForDeploymentPostprocessing = 0;
		};
/* End PBXFrameworksBuildPhase section */

/* Begin PBXGroup section */
		D5A8A4E629E05E83004729EF = {
			isa = PBXGroup;
			children = (
				D5A8A4F129E05E83004729EF /* RedditProyect */,
				D5A8A50829E05E84004729EF /* RedditProyectTests */,
				D5A8A51229E05E84004729EF /* RedditProyectUITests */,
				D5A8A4F029E05E83004729EF /* Products */,
			);
			sourceTree = "<group>";
		};
		D5A8A4F029E05E83004729EF /* Products */ = {
			isa = PBXGroup;
			children = (
				D5A8A4EF29E05E83004729EF /* RedditProyect.app */,
				D5A8A50529E05E84004729EF /* RedditProyectTests.xctest */,
				D5A8A50F29E05E84004729EF /* RedditProyectUITests.xctest */,
			);
			name = Products;
			sourceTree = "<group>";
		};
		D5A8A4F129E05E83004729EF /* RedditProyect */ = {
			isa = PBXGroup;
			children = (
				D5A8A4F229E05E83004729EF /* AppDelegate.swift */,
				D5A8A54C29E6F77E004729EF /* UserConfiguration.swift */,
				D5A8A54129E493EE004729EF /* Extension */,
				D5A8A53E29E48C14004729EF /* ViewController */,
				D5A8A53D29E48BE9004729EF /* Http */,
				D5A8A53C29E48BD8004729EF /* Cell */,
				D5A8A53B29E48BC8004729EF /* Model */,
				D5A8A4FB29E05E83004729EF /* Assets.xcassets */,
				D5A8A4FD29E05E83004729EF /* LaunchScreen.storyboard */,
				D5A8A50029E05E83004729EF /* Info.plist */,
			);
			path = RedditProyect;
			sourceTree = "<group>";
		};
		D5A8A50829E05E84004729EF /* RedditProyectTests */ = {
			isa = PBXGroup;
			children = (
				D5A8A50929E05E84004729EF /* RedditProyectTests.swift */,
			);
			path = RedditProyectTests;
			sourceTree = "<group>";
		};
		D5A8A51229E05E84004729EF /* RedditProyectUITests */ = {
			isa = PBXGroup;
			children = (
				D5A8A51329E05E84004729EF /* RedditProyectUITests.swift */,
				D5A8A51529E05E84004729EF /* RedditProyectUITestsLaunchTests.swift */,
			);
			path = RedditProyectUITests;
			sourceTree = "<group>";
		};
		D5A8A52829E45B65004729EF /* Model */ = {
			isa = PBXGroup;
			children = (
				D5A8A52629E0AE60004729EF /* News.swift */,
				D5A8A52B29E45BAD004729EF /* Data.swift */,
				D5A8A52929E45B8C004729EF /* Child.swift */,
				D5A8A52D29E45BC8004729EF /* ChildData.swift */,
			);
			path = Model;
			sourceTree = "<group>";
		};
		D5A8A53B29E48BC8004729EF /* Model */ = {
			isa = PBXGroup;
			children = (
				D5A8A53929E48ADF004729EF /* New.swift */,
			);
			path = Model;
			sourceTree = "<group>";
		};
		D5A8A53C29E48BD8004729EF /* Cell */ = {
			isa = PBXGroup;
			children = (
				D5A8A52229E0656C004729EF /* NewTableViewCell.swift */,
			);
			path = Cell;
			sourceTree = "<group>";
		};
		D5A8A53D29E48BE9004729EF /* Http */ = {
			isa = PBXGroup;
			children = (
				D5A8A52829E45B65004729EF /* Model */,
				D5A8A53729E45DF4004729EF /* HttpMethod.swift */,
				D5A8A52429E0AC85004729EF /* HttpConnector.swift */,
				D5A8A53529E45CD6004729EF /* ErrorHandler.swift */,
			);
			path = Http;
			sourceTree = "<group>";
		};
		D5A8A53E29E48C14004729EF /* ViewController */ = {
			isa = PBXGroup;
			children = (
				D5A8A4F629E05E83004729EF /* NewsViewController.swift */,
				D5A8A54829E5D369004729EF /* NewDetailViewController.swift */,
				D5A8A54A29E6E408004729EF /* FullScreenPictureViewController.swift */,
			);
			path = ViewController;
			sourceTree = "<group>";
		};
		D5A8A54129E493EE004729EF /* Extension */ = {
			isa = PBXGroup;
			children = (
				D5A8A53F29E493E3004729EF /* UIImage+Extension.swift */,
				D5A8A54429E58FAB004729EF /* DateRange.swift */,
				D5A8A54629E59279004729EF /* TimeInterval.swift */,
				D5A8A54229E578F8004729EF /* Date+Extension.swift */,
			);
			path = Extension;
			sourceTree = "<group>";
		};
/* End PBXGroup section */

/* Begin PBXNativeTarget section */
		D5A8A4EE29E05E83004729EF /* RedditProyect */ = {
			isa = PBXNativeTarget;
			buildConfigurationList = D5A8A51929E05E84004729EF /* Build configuration list for PBXNativeTarget "RedditProyect" */;
			buildPhases = (
				D5A8A4EB29E05E83004729EF /* Sources */,
				D5A8A4EC29E05E83004729EF /* Frameworks */,
				D5A8A4ED29E05E83004729EF /* Resources */,
			);
			buildRules = (
			);
			dependencies = (
			);
			name = RedditProyect;
			productName = RedditProyect;
			productReference = D5A8A4EF29E05E83004729EF /* RedditProyect.app */;
			productType = "com.apple.product-type.application";
		};
		D5A8A50429E05E84004729EF /* RedditProyectTests */ = {
			isa = PBXNativeTarget;
			buildConfigurationList = D5A8A51C29E05E84004729EF /* Build configuration list for PBXNativeTarget "RedditProyectTests" */;
			buildPhases = (
				D5A8A50129E05E84004729EF /* Sources */,
				D5A8A50229E05E84004729EF /* Frameworks */,
				D5A8A50329E05E84004729EF /* Resources */,
			);
			buildRules = (
			);
			dependencies = (
				D5A8A50729E05E84004729EF /* PBXTargetDependency */,
			);
			name = RedditProyectTests;
			productName = RedditProyectTests;
			productReference = D5A8A50529E05E84004729EF /* RedditProyectTests.xctest */;
			productType = "com.apple.product-type.bundle.unit-test";
		};
		D5A8A50E29E05E84004729EF /* RedditProyectUITests */ = {
			isa = PBXNativeTarget;
			buildConfigurationList = D5A8A51F29E05E84004729EF /* Build configuration list for PBXNativeTarget "RedditProyectUITests" */;
			buildPhases = (
				D5A8A50B29E05E84004729EF /* Sources */,
				D5A8A50C29E05E84004729EF /* Frameworks */,
				D5A8A50D29E05E84004729EF /* Resources */,
			);
			buildRules = (
			);
			dependencies = (
				D5A8A51129E05E84004729EF /* PBXTargetDependency */,
			);
			name = RedditProyectUITests;
			productName = RedditProyectUITests;
			productReference = D5A8A50F29E05E84004729EF /* RedditProyectUITests.xctest */;
			productType = "com.apple.product-type.bundle.ui-testing";
		};
/* End PBXNativeTarget section */

/* Begin PBXProject section */
		D5A8A4E729E05E83004729EF /* Project object */ = {
			isa = PBXProject;
			attributes = {
				BuildIndependentTargetsInParallel = 1;
				LastSwiftUpdateCheck = 1340;
				LastUpgradeCheck = 1340;
				TargetAttributes = {
					D5A8A4EE29E05E83004729EF = {
						CreatedOnToolsVersion = 13.4.1;
					};
					D5A8A50429E05E84004729EF = {
						CreatedOnToolsVersion = 13.4.1;
						TestTargetID = D5A8A4EE29E05E83004729EF;
					};
					D5A8A50E29E05E84004729EF = {
						CreatedOnToolsVersion = 13.4.1;
						TestTargetID = D5A8A4EE29E05E83004729EF;
					};
				};
			};
			buildConfigurationList = D5A8A4EA29E05E83004729EF /* Build configuration list for PBXProject "RedditProyect" */;
			compatibilityVersion = "Xcode 13.0";
			developmentRegion = en;
			hasScannedForEncodings = 0;
			knownRegions = (
				en,
				Base,
			);
			mainGroup = D5A8A4E629E05E83004729EF;
			productRefGroup = D5A8A4F029E05E83004729EF /* Products */;
			projectDirPath = "";
			projectRoot = "";
			targets = (
				D5A8A4EE29E05E83004729EF /* RedditProyect */,
				D5A8A50429E05E84004729EF /* RedditProyectTests */,
				D5A8A50E29E05E84004729EF /* RedditProyectUITests */,
			);
		};
/* End PBXProject section */

/* Begin PBXResourcesBuildPhase section */
		D5A8A4ED29E05E83004729EF /* Resources */ = {
			isa = PBXResourcesBuildPhase;
			buildActionMask = 2147483647;
			files = (
				D5A8A4FF29E05E83004729EF /* LaunchScreen.storyboard in Resources */,
				D5A8A4FC29E05E83004729EF /* Assets.xcassets in Resources */,
			);
			runOnlyForDeploymentPostprocessing = 0;
		};
		D5A8A50329E05E84004729EF /* Resources */ = {
			isa = PBXResourcesBuildPhase;
			buildActionMask = 2147483647;
			files = (
			);
			runOnlyForDeploymentPostprocessing = 0;
		};
		D5A8A50D29E05E84004729EF /* Resources */ = {
			isa = PBXResourcesBuildPhase;
			buildActionMask = 2147483647;
			files = (
			);
			runOnlyForDeploymentPostprocessing = 0;
		};
/* End PBXResourcesBuildPhase section */

/* Begin PBXSourcesBuildPhase section */
		D5A8A4EB29E05E83004729EF /* Sources */ = {
			isa = PBXSourcesBuildPhase;
			buildActionMask = 2147483647;
			files = (
				D5A8A53A29E48ADF004729EF /* New.swift in Sources */,
				D5A8A54729E59279004729EF /* TimeInterval.swift in Sources */,
				D5A8A54529E58FAB004729EF /* DateRange.swift in Sources */,
				D5A8A52E29E45BC8004729EF /* ChildData.swift in Sources */,
				D5A8A54329E578F8004729EF /* Date+Extension.swift in Sources */,
				D5A8A54929E5D369004729EF /* NewDetailViewController.swift in Sources */,
				D5A8A52C29E45BAD004729EF /* Data.swift in Sources */,
				D5A8A53829E45DF4004729EF /* HttpMethod.swift in Sources */,
				D5A8A52329E0656C004729EF /* NewTableViewCell.swift in Sources */,
				D5A8A54D29E6F77E004729EF /* UserConfiguration.swift in Sources */,
				D5A8A52729E0AE60004729EF /* News.swift in Sources */,
				D5A8A52A29E45B8C004729EF /* Child.swift in Sources */,
				D5A8A52529E0AC85004729EF /* HttpConnector.swift in Sources */,
				D5A8A4F729E05E83004729EF /* NewsViewController.swift in Sources */,
				D5A8A53629E45CD6004729EF /* ErrorHandler.swift in Sources */,
				D5A8A54029E493E3004729EF /* UIImage+Extension.swift in Sources */,
				D5A8A4F329E05E83004729EF /* AppDelegate.swift in Sources */,
				D5A8A54B29E6E408004729EF /* FullScreenPictureViewController.swift in Sources */,
			);
			runOnlyForDeploymentPostprocessing = 0;
		};
		D5A8A50129E05E84004729EF /* Sources */ = {
			isa = PBXSourcesBuildPhase;
			buildActionMask = 2147483647;
			files = (
				D5A8A50A29E05E84004729EF /* RedditProyectTests.swift in Sources */,
			);
			runOnlyForDeploymentPostprocessing = 0;
		};
		D5A8A50B29E05E84004729EF /* Sources */ = {
			isa = PBXSourcesBuildPhase;
			buildActionMask = 2147483647;
			files = (
				D5A8A51429E05E84004729EF /* RedditProyectUITests.swift in Sources */,
				D5A8A51629E05E84004729EF /* RedditProyectUITestsLaunchTests.swift in Sources */,
			);
			runOnlyForDeploymentPostprocessing = 0;
		};
/* End PBXSourcesBuildPhase section */

/* Begin PBXTargetDependency section */
		D5A8A50729E05E84004729EF /* PBXTargetDependency */ = {
			isa = PBXTargetDependency;
			target = D5A8A4EE29E05E83004729EF /* RedditProyect */;
			targetProxy = D5A8A50629E05E84004729EF /* PBXContainerItemProxy */;
		};
		D5A8A51129E05E84004729EF /* PBXTargetDependency */ = {
			isa = PBXTargetDependency;
			target = D5A8A4EE29E05E83004729EF /* RedditProyect */;
			targetProxy = D5A8A51029E05E84004729EF /* PBXContainerItemProxy */;
		};
/* End PBXTargetDependency section */

/* Begin PBXVariantGroup section */
		D5A8A4FD29E05E83004729EF /* LaunchScreen.storyboard */ = {
			isa = PBXVariantGroup;
			children = (
				D5A8A4FE29E05E83004729EF /* Base */,
			);
			name = LaunchScreen.storyboard;
			sourceTree = "<group>";
		};
/* End PBXVariantGroup section */

/* Begin XCBuildConfiguration section */
		D5A8A51729E05E84004729EF /* Debug */ = {
			isa = XCBuildConfiguration;
			buildSettings = {
				ALWAYS_SEARCH_USER_PATHS = NO;
				CLANG_ANALYZER_NONNULL = YES;
				CLANG_ANALYZER_NUMBER_OBJECT_CONVERSION = YES_AGGRESSIVE;
				CLANG_CXX_LANGUAGE_STANDARD = "gnu++17";
				CLANG_ENABLE_MODULES = YES;
				CLANG_ENABLE_OBJC_ARC = YES;
				CLANG_ENABLE_OBJC_WEAK = YES;
				CLANG_WARN_BLOCK_CAPTURE_AUTORELEASING = YES;
				CLANG_WARN_BOOL_CONVERSION = YES;
				CLANG_WARN_COMMA = YES;
				CLANG_WARN_CONSTANT_CONVERSION = YES;
				CLANG_WARN_DEPRECATED_OBJC_IMPLEMENTATIONS = YES;
				CLANG_WARN_DIRECT_OBJC_ISA_USAGE = YES_ERROR;
				CLANG_WARN_DOCUMENTATION_COMMENTS = YES;
				CLANG_WARN_EMPTY_BODY = YES;
				CLANG_WARN_ENUM_CONVERSION = YES;
				CLANG_WARN_INFINITE_RECURSION = YES;
				CLANG_WARN_INT_CONVERSION = YES;
				CLANG_WARN_NON_LITERAL_NULL_CONVERSION = YES;
				CLANG_WARN_OBJC_IMPLICIT_RETAIN_SELF = YES;
				CLANG_WARN_OBJC_LITERAL_CONVERSION = YES;
				CLANG_WARN_OBJC_ROOT_CLASS = YES_ERROR;
				CLANG_WARN_QUOTED_INCLUDE_IN_FRAMEWORK_HEADER = YES;
				CLANG_WARN_RANGE_LOOP_ANALYSIS = YES;
				CLANG_WARN_STRICT_PROTOTYPES = YES;
				CLANG_WARN_SUSPICIOUS_MOVE = YES;
				CLANG_WARN_UNGUARDED_AVAILABILITY = YES_AGGRESSIVE;
				CLANG_WARN_UNREACHABLE_CODE = YES;
				CLANG_WARN__DUPLICATE_METHOD_MATCH = YES;
				COPY_PHASE_STRIP = NO;
				DEBUG_INFORMATION_FORMAT = dwarf;
				ENABLE_STRICT_OBJC_MSGSEND = YES;
				ENABLE_TESTABILITY = YES;
				GCC_C_LANGUAGE_STANDARD = gnu11;
				GCC_DYNAMIC_NO_PIC = NO;
				GCC_NO_COMMON_BLOCKS = YES;
				GCC_OPTIMIZATION_LEVEL = 0;
				GCC_PREPROCESSOR_DEFINITIONS = (
					"DEBUG=1",
					"$(inherited)",
				);
				GCC_WARN_64_TO_32_BIT_CONVERSION = YES;
				GCC_WARN_ABOUT_RETURN_TYPE = YES_ERROR;
				GCC_WARN_UNDECLARED_SELECTOR = YES;
				GCC_WARN_UNINITIALIZED_AUTOS = YES_AGGRESSIVE;
				GCC_WARN_UNUSED_FUNCTION = YES;
				GCC_WARN_UNUSED_VARIABLE = YES;
				IPHONEOS_DEPLOYMENT_TARGET = 15.5;
				MTL_ENABLE_DEBUG_INFO = INCLUDE_SOURCE;
				MTL_FAST_MATH = YES;
				ONLY_ACTIVE_ARCH = YES;
				SDKROOT = iphoneos;
				SWIFT_ACTIVE_COMPILATION_CONDITIONS = DEBUG;
				SWIFT_OPTIMIZATION_LEVEL = "-Onone";
			};
			name = Debug;
		};
		D5A8A51829E05E84004729EF /* Release */ = {
			isa = XCBuildConfiguration;
			buildSettings = {
				ALWAYS_SEARCH_USER_PATHS = NO;
				CLANG_ANALYZER_NONNULL = YES;
				CLANG_ANALYZER_NUMBER_OBJECT_CONVERSION = YES_AGGRESSIVE;
				CLANG_CXX_LANGUAGE_STANDARD = "gnu++17";
				CLANG_ENABLE_MODULES = YES;
				CLANG_ENABLE_OBJC_ARC = YES;
				CLANG_ENABLE_OBJC_WEAK = YES;
				CLANG_WARN_BLOCK_CAPTURE_AUTORELEASING = YES;
				CLANG_WARN_BOOL_CONVERSION = YES;
				CLANG_WARN_COMMA = YES;
				CLANG_WARN_CONSTANT_CONVERSION = YES;
				CLANG_WARN_DEPRECATED_OBJC_IMPLEMENTATIONS = YES;
				CLANG_WARN_DIRECT_OBJC_ISA_USAGE = YES_ERROR;
				CLANG_WARN_DOCUMENTATION_COMMENTS = YES;
				CLANG_WARN_EMPTY_BODY = YES;
				CLANG_WARN_ENUM_CONVERSION = YES;
				CLANG_WARN_INFINITE_RECURSION = YES;
				CLANG_WARN_INT_CONVERSION = YES;
				CLANG_WARN_NON_LITERAL_NULL_CONVERSION = YES;
				CLANG_WARN_OBJC_IMPLICIT_RETAIN_SELF = YES;
				CLANG_WARN_OBJC_LITERAL_CONVERSION = YES;
				CLANG_WARN_OBJC_ROOT_CLASS = YES_ERROR;
				CLANG_WARN_QUOTED_INCLUDE_IN_FRAMEWORK_HEADER = YES;
				CLANG_WARN_RANGE_LOOP_ANALYSIS = YES;
				CLANG_WARN_STRICT_PROTOTYPES = YES;
				CLANG_WARN_SUSPICIOUS_MOVE = YES;
				CLANG_WARN_UNGUARDED_AVAILABILITY = YES_AGGRESSIVE;
				CLANG_WARN_UNREACHABLE_CODE = YES;
				CLANG_WARN__DUPLICATE_METHOD_MATCH = YES;
				COPY_PHASE_STRIP = NO;
				DEBUG_INFORMATION_FORMAT = "dwarf-with-dsym";
				ENABLE_NS_ASSERTIONS = NO;
				ENABLE_STRICT_OBJC_MSGSEND = YES;
				GCC_C_LANGUAGE_STANDARD = gnu11;
				GCC_NO_COMMON_BLOCKS = YES;
				GCC_WARN_64_TO_32_BIT_CONVERSION = YES;
				GCC_WARN_ABOUT_RETURN_TYPE = YES_ERROR;
				GCC_WARN_UNDECLARED_SELECTOR = YES;
				GCC_WARN_UNINITIALIZED_AUTOS = YES_AGGRESSIVE;
				GCC_WARN_UNUSED_FUNCTION = YES;
				GCC_WARN_UNUSED_VARIABLE = YES;
				IPHONEOS_DEPLOYMENT_TARGET = 15.5;
				MTL_ENABLE_DEBUG_INFO = NO;
				MTL_FAST_MATH = YES;
				SDKROOT = iphoneos;
				SWIFT_COMPILATION_MODE = wholemodule;
				SWIFT_OPTIMIZATION_LEVEL = "-O";
				VALIDATE_PRODUCT = YES;
			};
			name = Release;
		};
		D5A8A51A29E05E84004729EF /* Debug */ = {
			isa = XCBuildConfiguration;
			buildSettings = {
				ASSETCATALOG_COMPILER_APPICON_NAME = AppIcon;
				ASSETCATALOG_COMPILER_GLOBAL_ACCENT_COLOR_NAME = AccentColor;
				CODE_SIGN_STYLE = Automatic;
				CURRENT_PROJECT_VERSION = 1;
				GENERATE_INFOPLIST_FILE = YES;
				INFOPLIST_FILE = RedditProyect/Info.plist;
				INFOPLIST_KEY_UIApplicationSupportsIndirectInputEvents = YES;
				INFOPLIST_KEY_UILaunchStoryboardName = LaunchScreen;
				INFOPLIST_KEY_UISupportedInterfaceOrientations_iPad = "UIInterfaceOrientationPortrait UIInterfaceOrientationPortraitUpsideDown UIInterfaceOrientationLandscapeLeft UIInterfaceOrientationLandscapeRight";
				INFOPLIST_KEY_UISupportedInterfaceOrientations_iPhone = "UIInterfaceOrientationPortrait UIInterfaceOrientationLandscapeLeft UIInterfaceOrientationLandscapeRight";
				LD_RUNPATH_SEARCH_PATHS = (
					"$(inherited)",
					"@executable_path/Frameworks",
				);
				MARKETING_VERSION = 1.0;
				PRODUCT_BUNDLE_IDENTIFIER = com.vkorbenfeld.RedditProyect;
				PRODUCT_NAME = "$(TARGET_NAME)";
				SWIFT_EMIT_LOC_STRINGS = YES;
				SWIFT_VERSION = 5.0;
				TARGETED_DEVICE_FAMILY = "1,2";
			};
			name = Debug;
		};
		D5A8A51B29E05E84004729EF /* Release */ = {
			isa = XCBuildConfiguration;
			buildSettings = {
				ASSETCATALOG_COMPILER_APPICON_NAME = AppIcon;
				ASSETCATALOG_COMPILER_GLOBAL_ACCENT_COLOR_NAME = AccentColor;
				CODE_SIGN_STYLE = Automatic;
				CURRENT_PROJECT_VERSION = 1;
				GENERATE_INFOPLIST_FILE = YES;
				INFOPLIST_FILE = RedditProyect/Info.plist;
				INFOPLIST_KEY_UIApplicationSupportsIndirectInputEvents = YES;
				INFOPLIST_KEY_UILaunchStoryboardName = LaunchScreen;
				INFOPLIST_KEY_UISupportedInterfaceOrientations_iPad = "UIInterfaceOrientationPortrait UIInterfaceOrientationPortraitUpsideDown UIInterfaceOrientationLandscapeLeft UIInterfaceOrientationLandscapeRight";
				INFOPLIST_KEY_UISupportedInterfaceOrientations_iPhone = "UIInterfaceOrientationPortrait UIInterfaceOrientationLandscapeLeft UIInterfaceOrientationLandscapeRight";
				LD_RUNPATH_SEARCH_PATHS = (
					"$(inherited)",
					"@executable_path/Frameworks",
				);
				MARKETING_VERSION = 1.0;
				PRODUCT_BUNDLE_IDENTIFIER = com.vkorbenfeld.RedditProyect;
				PRODUCT_NAME = "$(TARGET_NAME)";
				SWIFT_EMIT_LOC_STRINGS = YES;
				SWIFT_VERSION = 5.0;
				TARGETED_DEVICE_FAMILY = "1,2";
			};
			name = Release;
		};
		D5A8A51D29E05E84004729EF /* Debug */ = {
			isa = XCBuildConfiguration;
			buildSettings = {
				ALWAYS_EMBED_SWIFT_STANDARD_LIBRARIES = YES;
				BUNDLE_LOADER = "$(TEST_HOST)";
				CODE_SIGN_STYLE = Automatic;
				CURRENT_PROJECT_VERSION = 1;
				GENERATE_INFOPLIST_FILE = YES;
				IPHONEOS_DEPLOYMENT_TARGET = 15.5;
				MARKETING_VERSION = 1.0;
				PRODUCT_BUNDLE_IDENTIFIER = com.vkorbenfeld.RedditProyectTests;
				PRODUCT_NAME = "$(TARGET_NAME)";
				SWIFT_EMIT_LOC_STRINGS = NO;
				SWIFT_VERSION = 5.0;
				TARGETED_DEVICE_FAMILY = "1,2";
				TEST_HOST = "$(BUILT_PRODUCTS_DIR)/RedditProyect.app/RedditProyect";
			};
			name = Debug;
		};
		D5A8A51E29E05E84004729EF /* Release */ = {
			isa = XCBuildConfiguration;
			buildSettings = {
				ALWAYS_EMBED_SWIFT_STANDARD_LIBRARIES = YES;
				BUNDLE_LOADER = "$(TEST_HOST)";
				CODE_SIGN_STYLE = Automatic;
				CURRENT_PROJECT_VERSION = 1;
				GENERATE_INFOPLIST_FILE = YES;
				IPHONEOS_DEPLOYMENT_TARGET = 15.5;
				MARKETING_VERSION = 1.0;
				PRODUCT_BUNDLE_IDENTIFIER = com.vkorbenfeld.RedditProyectTests;
				PRODUCT_NAME = "$(TARGET_NAME)";
				SWIFT_EMIT_LOC_STRINGS = NO;
				SWIFT_VERSION = 5.0;
				TARGETED_DEVICE_FAMILY = "1,2";
				TEST_HOST = "$(BUILT_PRODUCTS_DIR)/RedditProyect.app/RedditProyect";
			};
			name = Release;
		};
		D5A8A52029E05E84004729EF /* Debug */ = {
			isa = XCBuildConfiguration;
			buildSettings = {
				ALWAYS_EMBED_SWIFT_STANDARD_LIBRARIES = YES;
				CODE_SIGN_STYLE = Automatic;
				CURRENT_PROJECT_VERSION = 1;
				GENERATE_INFOPLIST_FILE = YES;
				MARKETING_VERSION = 1.0;
				PRODUCT_BUNDLE_IDENTIFIER = com.vkorbenfeld.RedditProyectUITests;
				PRODUCT_NAME = "$(TARGET_NAME)";
				SWIFT_EMIT_LOC_STRINGS = NO;
				SWIFT_VERSION = 5.0;
				TARGETED_DEVICE_FAMILY = "1,2";
				TEST_TARGET_NAME = RedditProyect;
			};
			name = Debug;
		};
		D5A8A52129E05E84004729EF /* Release */ = {
			isa = XCBuildConfiguration;
			buildSettings = {
				ALWAYS_EMBED_SWIFT_STANDARD_LIBRARIES = YES;
				CODE_SIGN_STYLE = Automatic;
				CURRENT_PROJECT_VERSION = 1;
				GENERATE_INFOPLIST_FILE = YES;
				MARKETING_VERSION = 1.0;
				PRODUCT_BUNDLE_IDENTIFIER = com.vkorbenfeld.RedditProyectUITests;
				PRODUCT_NAME = "$(TARGET_NAME)";
				SWIFT_EMIT_LOC_STRINGS = NO;
				SWIFT_VERSION = 5.0;
				TARGETED_DEVICE_FAMILY = "1,2";
				TEST_TARGET_NAME = RedditProyect;
			};
			name = Release;
		};
/* End XCBuildConfiguration section */

/* Begin XCConfigurationList section */
		D5A8A4EA29E05E83004729EF /* Build configuration list for PBXProject "RedditProyect" */ = {
			isa = XCConfigurationList;
			buildConfigurations = (
				D5A8A51729E05E84004729EF /* Debug */,
				D5A8A51829E05E84004729EF /* Release */,
			);
			defaultConfigurationIsVisible = 0;
			defaultConfigurationName = Release;
		};
		D5A8A51929E05E84004729EF /* Build configuration list for PBXNativeTarget "RedditProyect" */ = {
			isa = XCConfigurationList;
			buildConfigurations = (
				D5A8A51A29E05E84004729EF /* Debug */,
				D5A8A51B29E05E84004729EF /* Release */,
			);
			defaultConfigurationIsVisible = 0;
			defaultConfigurationName = Release;
		};
		D5A8A51C29E05E84004729EF /* Build configuration list for PBXNativeTarget "RedditProyectTests" */ = {
			isa = XCConfigurationList;
			buildConfigurations = (
				D5A8A51D29E05E84004729EF /* Debug */,
				D5A8A51E29E05E84004729EF /* Release */,
			);
			defaultConfigurationIsVisible = 0;
			defaultConfigurationName = Release;
		};
		D5A8A51F29E05E84004729EF /* Build configuration list for PBXNativeTarget "RedditProyectUITests" */ = {
			isa = XCConfigurationList;
			buildConfigurations = (
				D5A8A52029E05E84004729EF /* Debug */,
				D5A8A52129E05E84004729EF /* Release */,
			);
			defaultConfigurationIsVisible = 0;
			defaultConfigurationName = Release;
		};
/* End XCConfigurationList section */
	};
	rootObject = D5A8A4E729E05E83004729EF /* Project object */;
}
